PODS:
  - AppCenter/Analytics (1.5.0):
    - AppCenter/Core
  - AppCenter/Core (1.5.0)
  - AppCenter/Crashes (1.5.0):
    - AppCenter/Core
  - AppCenter/Push (1.5.0):
    - AppCenter/Core
  - AppCenterReactNativeShared (1.4.0):
    - AppCenter/Core (= 1.5.0)
  - Google-Mobile-Ads-SDK (7.32.0)

DEPENDENCIES:
  - AppCenter/Analytics (~> 1.5.0)
  - AppCenter/Crashes (~> 1.5.0)
  - AppCenter/Push (~> 1.5.0)
  - AppCenterReactNativeShared (~> 1.4.0)
  - Google-Mobile-Ads-SDK

SPEC CHECKSUMS:
  AppCenter: 42c293f0de27e173aacd600a55a49da5317cd40e
  AppCenterReactNativeShared: 056324303732841fff14f2a71c4a6839831b038b
  Google-Mobile-Ads-SDK: 2aca87e46e860f1e1fc0fdc1201dd9caa4be9ba6


PODFILE CHECKSUM: 11a23d1371da7984568c1365452f23ca9b92d2aa

COCOAPODS: 1.4.0
