// !$*UTF8*$!
{
	archiveVersion = 1;
	classes = {
	};
	objectVersion = 46;
	objects = {

/* Begin PBXBuildFile section */
		00E356F31AD99517003FC87E /* SuryoLingoTests.m in Sources */ = {isa = PBXBuildFile; fileRef = 00E356F21AD99517003FC87E /* SuryoLingoTests.m */; };
		0741D5A4C0944DF58C34329C /* Entypo.ttf in Resources */ = {isa = PBXBuildFile; fileRef = BB257DEA90474DD09E2E6BE9 /* Entypo.ttf */; };
		0CBFC872A8C2489E9D556A4F /* Feather.ttf in Resources */ = {isa = PBXBuildFile; fileRef = E741BE1AE2514447BC76D6BF /* Feather.ttf */; };
		1014F51A373D4376BD161914 /* libRNDeviceInfo.a in Frameworks */ = {isa = PBXBuildFile; fileRef = 2B77DCD63F8645BEB9640A39 /* libRNDeviceInfo.a */; };
		13B07FBC1A68108700A75B9A /* AppDelegate.m in Sources */ = {isa = PBXBuildFile; fileRef = 13B07FB01A68108700A75B9A /* AppDelegate.m */; };
		13B07FBF1A68108700A75B9A /* Images.xcassets in Resources */ = {isa = PBXBuildFile; fileRef = 13B07FB51A68108700A75B9A /* Images.xcassets */; };
		13B07FC11A68108700A75B9A /* main.m in Sources */ = {isa = PBXBuildFile; fileRef = 13B07FB71A68108700A75B9A /* main.m */; };
		161E2DE72C634BC3B4FB07A5 /* libRCTCustomInputController.a in Frameworks */ = {isa = PBXBuildFile; fileRef = 779B638D46BC487B9C03222D /* libRCTCustomInputController.a */; };
		1A01618B143B4385913C2F20 /* libRCTRestart.a in Frameworks */ = {isa = PBXBuildFile; fileRef = FE7656186D954CFDB481E5A3 /* libRCTRestart.a */; };
		2B6B892165644A48990D3898 /* Serto Urhoy.ttf in Resources */ = {isa = PBXBuildFile; fileRef = 3BEAFC1403FE4939A257940C /* Serto Urhoy.ttf */; };
		2D02E4BC1E0B4A80006451C7 /* AppDelegate.m in Sources */ = {isa = PBXBuildFile; fileRef = 13B07FB01A68108700A75B9A /* AppDelegate.m */; };
		2D02E4BD1E0B4A84006451C7 /* Images.xcassets in Resources */ = {isa = PBXBuildFile; fileRef = 13B07FB51A68108700A75B9A /* Images.xcassets */; };
		2D02E4BF1E0B4AB3006451C7 /* main.m in Sources */ = {isa = PBXBuildFile; fileRef = 13B07FB71A68108700A75B9A /* main.m */; };
		2DCD954D1E0B4F2C00145EB5 /* SuryoLingoTests.m in Sources */ = {isa = PBXBuildFile; fileRef = 00E356F21AD99517003FC87E /* SuryoLingoTests.m */; };
		4A2857D6036A4AD58D0668AA /* libRNI18n.a in Frameworks */ = {isa = PBXBuildFile; fileRef = 2266CAF6BD88450687A92004 /* libRNI18n.a */; };
		4B499F2E54724F1DB20B06B9 /* FontAwesome.ttf in Resources */ = {isa = PBXBuildFile; fileRef = F6C2E8C6AD44498E9EBF2F15 /* FontAwesome.ttf */; };
		53570F1B56D84FB997A93916 /* Roboto_medium.ttf in Resources */ = {isa = PBXBuildFile; fileRef = 5EABD8C7070A4EFF9EA3425F /* Roboto_medium.ttf */; };
		5B75E7A5C8A447AF8665944B /* libBVLinearGradient.a in Frameworks */ = {isa = PBXBuildFile; fileRef = 47082B318EFB4AFCA6A6728C /* libBVLinearGradient.a */; };
		5F59E58D5B1F42DF9C50672F /* Roboto.ttf in Resources */ = {isa = PBXBuildFile; fileRef = 99663E6C6D174FACB8EFFA8A /* Roboto.ttf */; };
		67B57F879271405CBE07E4C4 /* rubicon-icon-font.ttf in Resources */ = {isa = PBXBuildFile; fileRef = E07780019D0747AEA16343ED /* rubicon-icon-font.ttf */; };
		935F4640FD8D43C681C3EBCC /* libRNExitApp.a in Frameworks */ = {isa = PBXBuildFile; fileRef = A331AF76789248CD829F990E /* libRNExitApp.a */; };
		96EDF0231FF338D65533A059 /* libPods-SuryoLingo-tvOSTests.a in Frameworks */ = {isa = PBXBuildFile; fileRef = 1579F669763DDC8AD0C4718E /* libPods-SuryoLingo-tvOSTests.a */; };
		9A27869596124D03A28D92AF /* Octicons.ttf in Resources */ = {isa = PBXBuildFile; fileRef = 896631603A7F4FC59AD7D7BA /* Octicons.ttf */; };
		9D3FF9CCFC664C1F9F156287 /* libRNAudioPlayer.a in Frameworks */ = {isa = PBXBuildFile; fileRef = 650E603159A94D8BAF48AE1A /* libRNAudioPlayer.a */; };
		9FFF9AACD4F04C419E2CDD67 /* EvilIcons.ttf in Resources */ = {isa = PBXBuildFile; fileRef = 7DD76011DECD42DF94D77E29 /* EvilIcons.ttf */; };
		A2C777D4B07D4E7481EF660A /* libRNSensitiveInfo.a in Frameworks */ = {isa = PBXBuildFile; fileRef = C03DAC999AF147D8AA1B5AAE /* libRNSensitiveInfo.a */; };
		A70BEE1E9D4C425183748E5A /* libRNFetchBlob.a in Frameworks */ = {isa = PBXBuildFile; fileRef = F0A13932CC344B0386299CB3 /* libRNFetchBlob.a */; };
		B14C736B59034492ADEB5A16 /* SimpleLineIcons.ttf in Resources */ = {isa = PBXBuildFile; fileRef = 53587E7FFEF0446B80345F8D /* SimpleLineIcons.ttf */; };
		B7D11E103DAC465C9F574A5E /* libRNAdMobManager.a in Frameworks */ = {isa = PBXBuildFile; fileRef = 9B613C70C8B24960B2DAF730 /* libRNAdMobManager.a */; };
		BBE64C0FE56B44058B6CCCF6 /* MaterialIcons.ttf in Resources */ = {isa = PBXBuildFile; fileRef = 91305C4E7EAD4B71BB045EF8 /* MaterialIcons.ttf */; };
		BC14BB39499F4D52AC829263 /* Ionicons.ttf in Resources */ = {isa = PBXBuildFile; fileRef = E859623701FE4E4D80E810D9 /* Ionicons.ttf */; };
		BF16666D3AE443DEA819A0C8 /* libRCTActionSheet.a in Frameworks */ = {isa = PBXBuildFile; fileRef = 09CE1B20D736490FA2794D4A /* libRCTActionSheet.a */; };
		BFAAF17CA7DA46389FCFB1BD /* libRNFirebase.a in Frameworks */ = {isa = PBXBuildFile; fileRef = 50CA418FC8614CFAA1C40281 /* libRNFirebase.a */; };
		C0913FEEBF0F46B3BF22E0A6 /* libRNFS.a in Frameworks */ = {isa = PBXBuildFile; fileRef = A0F6B70201BD45B0B863EF60 /* libRNFS.a */; };
		C8F847F0F1CD29902BED80A2 /* libPods-SuryoLingo-tvOS.a in Frameworks */ = {isa = PBXBuildFile; fileRef = 88CC4534EF9CE566F856DDB8 /* libPods-SuryoLingo-tvOS.a */; };
		D06CEFB1E778974F2FAA6103 /* libPods-SuryoLingoTests.a in Frameworks */ = {isa = PBXBuildFile; fileRef = 5D07120CDC01F43B594D4650 /* libPods-SuryoLingoTests.a */; };
		D0A9CF5622F94EFFAA4752BF /* Zocial.ttf in Resources */ = {isa = PBXBuildFile; fileRef = 0D2089CCAF314FA0925EB790 /* Zocial.ttf */; };
		D621C0F42126CC130080E495 /* HelveticaNeue.ttf in Resources */ = {isa = PBXBuildFile; fileRef = D621C0B72126CC130080E495 /* HelveticaNeue.ttf */; };
		D621C19F212926A10080E495 /* libKeyboardTrackingView.a in Frameworks */ = {isa = PBXBuildFile; fileRef = D621C173212913550080E495 /* libKeyboardTrackingView.a */; };
		D6562F992159B2E20090408D /* GoogleService-Info.plist in Resources */ = {isa = PBXBuildFile; fileRef = D6562F982159B2E20090408D /* GoogleService-Info.plist */; };
		D69CB9CD216688AE00ABB89E /* LaunchScreen.xib in Resources */ = {isa = PBXBuildFile; fileRef = D69CB98C216688AE00ABB89E /* LaunchScreen.xib */; };
		D6BCDC20896C428E845F3DD3 /* Al-Jazeera-Arabic-Regular.ttf in Resources */ = {isa = PBXBuildFile; fileRef = 007DA2D71412451898EB133E /* Al-Jazeera-Arabic-Regular.ttf */; };
		D6C5C7602155BF4C002A599D /* libFirebaseCore.a in Frameworks */ = {isa = PBXBuildFile; fileRef = D6C5C75F2155BF4C002A599D /* libFirebaseCore.a */; };
		D6F2413521462B8900F974FD /* assets in Resources */ = {isa = PBXBuildFile; fileRef = D6F2413321462B8900F974FD /* assets */; };
		E181D2707EAD447BB39D8D13 /* libRNVersionNumber.a in Frameworks */ = {isa = PBXBuildFile; fileRef = 2B53D2CF32C54A8693B1CD2B /* libRNVersionNumber.a */; };
		E45B640E079C43E2B1055E53 /* Foundation.ttf in Resources */ = {isa = PBXBuildFile; fileRef = 1C65B2527E6841469E5CF2D2 /* Foundation.ttf */; };
		F660850E755B4AA7A990055A /* libRNSound.a in Frameworks */ = {isa = PBXBuildFile; fileRef = 33A8FDEAD917466386111274 /* libRNSound.a */; };
		F6CFF797FE2043268709C7A2 /* MaterialCommunityIcons.ttf in Resources */ = {isa = PBXBuildFile; fileRef = 674E9F47787F4138A9496857 /* MaterialCommunityIcons.ttf */; };
		F7343D071A25C169FFA9684A /* libPods-SuryoLingo.a in Frameworks */ = {isa = PBXBuildFile; fileRef = 2A6A38087BB819786195544B /* libPods-SuryoLingo.a */; };
/* End PBXBuildFile section */

/* Begin PBXContainerItemProxy section */
		00E356F41AD99517003FC87E /* PBXContainerItemProxy */ = {
			isa = PBXContainerItemProxy;
			containerPortal = 83CBB9F71A601CBA00E9B192 /* Project object */;
			proxyType = 1;
			remoteGlobalIDString = 13B07F861A680F5B00A75B9A;
			remoteInfo = SuryoLingo;
		};
		2D02E4911E0B4A5D006451C7 /* PBXContainerItemProxy */ = {
			isa = PBXContainerItemProxy;
			containerPortal = 83CBB9F71A601CBA00E9B192 /* Project object */;
			proxyType = 1;
			remoteGlobalIDString = 2D02E47A1E0B4A5D006451C7;
			remoteInfo = "SuryoLingo-tvOS";
		};
		D6193C09203E339800917FE6 /* PBXContainerItemProxy */ = {
			isa = PBXContainerItemProxy;
			containerPortal = 4FC64751280740069630B5E0 /* RCTRestart.xcodeproj */;
			proxyType = 2;
			remoteGlobalIDString = 3245CDED1BFEE35C00EABF68;
			remoteInfo = RCTRestart;
		};
		D6193C0C203E339800917FE6 /* PBXContainerItemProxy */ = {
			isa = PBXContainerItemProxy;
			containerPortal = 01CF1F3B9F86472B896BDB40 /* RNExitApp.xcodeproj */;
			proxyType = 2;
			remoteGlobalIDString = 15209BEF1D250F63000D0F44;
			remoteInfo = RNExitApp;
		};
		D6193C0F203E339800917FE6 /* PBXContainerItemProxy */ = {
			isa = PBXContainerItemProxy;
			containerPortal = 1F56010ACA204500A205E6A5 /* RNFetchBlob.xcodeproj */;
			proxyType = 2;
			remoteGlobalIDString = A15C300E1CD25C330074CB35;
			remoteInfo = RNFetchBlob;
		};
		D6193C13203E339800917FE6 /* PBXContainerItemProxy */ = {
			isa = PBXContainerItemProxy;
			containerPortal = 1957988ECD544DC9AB2BFCA9 /* RNVersionNumber.xcodeproj */;
			proxyType = 2;
			remoteGlobalIDString = 134814201AA4EA6300B7C361;
			remoteInfo = RNVersionNumber;
		};
		D6193C15203E339800917FE6 /* PBXContainerItemProxy */ = {
			isa = PBXContainerItemProxy;
			containerPortal = 1957988ECD544DC9AB2BFCA9 /* RNVersionNumber.xcodeproj */;
			proxyType = 2;
			remoteGlobalIDString = 2858ECD01F8B91B400610575;
			remoteInfo = "RNVersionNumber-tvOS";
		};
		D621C166212912280080E495 /* PBXContainerItemProxy */ = {
			isa = PBXContainerItemProxy;
			containerPortal = 1A16BB8C117542EE86CFC494 /* RCTCustomInputController.xcodeproj */;
			proxyType = 2;
			remoteGlobalIDString = 39DF4FE71E00394E00F5B4B2;
			remoteInfo = RCTCustomInputController;
		};
		D621C172212913550080E495 /* PBXContainerItemProxy */ = {
			isa = PBXContainerItemProxy;
			containerPortal = D621C16E212913550080E495 /* KeyboardTrackingView.xcodeproj */;
			proxyType = 2;
			remoteGlobalIDString = D834CED81CC64F2400FA5668;
			remoteInfo = KeyboardTrackingView;
		};
		D65F694F1FA3601D005923BE /* PBXContainerItemProxy */ = {
			isa = PBXContainerItemProxy;
			containerPortal = 41CDEA583D7C4CBD98A17BEF /* BVLinearGradient.xcodeproj */;
			proxyType = 2;
			remoteGlobalIDString = 134814201AA4EA6300B7C361;
			remoteInfo = BVLinearGradient;
		};
		D65F69511FA3601D005923BE /* PBXContainerItemProxy */ = {
			isa = PBXContainerItemProxy;
			containerPortal = 41CDEA583D7C4CBD98A17BEF /* BVLinearGradient.xcodeproj */;
			proxyType = 2;
			remoteGlobalIDString = 64AA15081EF7F30100718508;
			remoteInfo = "BVLinearGradient-tvOS";
		};
		D6AAD0332133917800122982 /* PBXContainerItemProxy */ = {
			isa = PBXContainerItemProxy;
			containerPortal = 4D1C1C49BD354A84A8E499DF /* RNAdMobManager.xcodeproj */;
			proxyType = 2;
			remoteGlobalIDString = A96DA7741C146D7200FC639B;
			remoteInfo = RNAdMobManager;
		};
		D6B159061FA2C8220044EA78 /* PBXContainerItemProxy */ = {
			isa = PBXContainerItemProxy;
			containerPortal = C93C963850534E0EA5A46F9C /* RNI18n.xcodeproj */;
			proxyType = 2;
			remoteGlobalIDString = 134814201AA4EA6300B7C361;
			remoteInfo = RNI18n;
		};
		D6B159081FA2C8220044EA78 /* PBXContainerItemProxy */ = {
			isa = PBXContainerItemProxy;
			containerPortal = C93C963850534E0EA5A46F9C /* RNI18n.xcodeproj */;
			proxyType = 2;
			remoteGlobalIDString = 6476C4051EEAA69700B10F51;
			remoteInfo = "RNI18n-tvOS";
		};
		D6B1590D1FA2C8220044EA78 /* PBXContainerItemProxy */ = {
			isa = PBXContainerItemProxy;
			containerPortal = 2F548936E2C34966BC65B1B5 /* RNSound.xcodeproj */;
			proxyType = 2;
			remoteGlobalIDString = 19825A1E1BD4A89800EE0337;
			remoteInfo = RNSound;
		};
		D6B159621FA2C8330044EA78 /* PBXContainerItemProxy */ = {
			isa = PBXContainerItemProxy;
			containerPortal = 9344D9C4D5594D4FBF810C1A /* RNAudioPlayer.xcodeproj */;
			proxyType = 2;
			remoteGlobalIDString = EBE79C421B01EB5A00446766;
			remoteInfo = RNAudioPlayer;
		};
		D6B159641FA2C8330044EA78 /* PBXContainerItemProxy */ = {
			isa = PBXContainerItemProxy;
			containerPortal = 9344D9C4D5594D4FBF810C1A /* RNAudioPlayer.xcodeproj */;
			proxyType = 2;
			remoteGlobalIDString = EBE79C4D1B01EB5B00446766;
			remoteInfo = RNAudioPlayerTests;
		};
		D6C3EB221FF7F85D002043FB /* PBXContainerItemProxy */ = {
			isa = PBXContainerItemProxy;
			containerPortal = EFF1A9FDEF86483C8A73CABE /* RNFS.xcodeproj */;
			proxyType = 2;
			remoteGlobalIDString = F12AFB9B1ADAF8F800E0535D;
			remoteInfo = RNFS;
		};
		D6C3EB241FF7F85D002043FB /* PBXContainerItemProxy */ = {
			isa = PBXContainerItemProxy;
			containerPortal = EFF1A9FDEF86483C8A73CABE /* RNFS.xcodeproj */;
			proxyType = 2;
			remoteGlobalIDString = 6456441F1EB8DA9100672408;
			remoteInfo = "RNFS-tvOS";
		};
		D6C5C6D92155B77E002A599D /* PBXContainerItemProxy */ = {
			isa = PBXContainerItemProxy;
			containerPortal = 2623291966BF4369A276E510 /* RNFirebase.xcodeproj */;
			proxyType = 2;
			remoteGlobalIDString = 134814201AA4EA6300B7C361;
			remoteInfo = RNFirebase;
		};
/* End PBXContainerItemProxy section */

/* Begin PBXFileReference section */
		007DA2D71412451898EB133E /* Al-Jazeera-Arabic-Regular.ttf */ = {isa = PBXFileReference; explicitFileType = undefined; fileEncoding = 9; includeInIndex = 0; lastKnownFileType = unknown; name = "Al-Jazeera-Arabic-Regular.ttf"; path = "../src/assets/fonts/Al-Jazeera-Arabic-Regular.ttf"; sourceTree = "<group>"; };
		00E356EE1AD99517003FC87E /* SuryoLingoTests.xctest */ = {isa = PBXFileReference; explicitFileType = wrapper.cfbundle; includeInIndex = 0; path = SuryoLingoTests.xctest; sourceTree = BUILT_PRODUCTS_DIR; };
		00E356F11AD99517003FC87E /* Info.plist */ = {isa = PBXFileReference; lastKnownFileType = text.plist.xml; path = Info.plist; sourceTree = "<group>"; };
		00E356F21AD99517003FC87E /* SuryoLingoTests.m */ = {isa = PBXFileReference; lastKnownFileType = sourcecode.c.objc; path = SuryoLingoTests.m; sourceTree = "<group>"; };
		01CF1F3B9F86472B896BDB40 /* RNExitApp.xcodeproj */ = {isa = PBXFileReference; explicitFileType = undefined; fileEncoding = 9; includeInIndex = 0; lastKnownFileType = "wrapper.pb-project"; name = RNExitApp.xcodeproj; path = "../node_modules/react-native-exit-app/ios/RNExitApp.xcodeproj"; sourceTree = "<group>"; };
		09CE1B20D736490FA2794D4A /* libRCTActionSheet.a */ = {isa = PBXFileReference; explicitFileType = undefined; fileEncoding = 9; includeInIndex = 0; lastKnownFileType = archive.ar; path = libRCTActionSheet.a; sourceTree = "<group>"; };
		0D2089CCAF314FA0925EB790 /* Zocial.ttf */ = {isa = PBXFileReference; explicitFileType = undefined; fileEncoding = 9; includeInIndex = 0; lastKnownFileType = unknown; name = Zocial.ttf; path = "../node_modules/native-base/Fonts/Zocial.ttf"; sourceTree = "<group>"; };
		11586CECBC6D46D59819DC47 /* libAppCenterReactNativeAnalytics.a */ = {isa = PBXFileReference; explicitFileType = undefined; fileEncoding = 9; includeInIndex = 0; lastKnownFileType = archive.ar; path = libAppCenterReactNativeAnalytics.a; sourceTree = "<group>"; };
		13B07F961A680F5B00A75B9A /* SuryoLingo.app */ = {isa = PBXFileReference; explicitFileType = wrapper.application; includeInIndex = 0; path = SuryoLingo.app; sourceTree = BUILT_PRODUCTS_DIR; };
		13B07FAF1A68108700A75B9A /* AppDelegate.h */ = {isa = PBXFileReference; fileEncoding = 4; lastKnownFileType = sourcecode.c.h; name = AppDelegate.h; path = SuryoLingo/AppDelegate.h; sourceTree = "<group>"; };
		13B07FB01A68108700A75B9A /* AppDelegate.m */ = {isa = PBXFileReference; fileEncoding = 4; lastKnownFileType = sourcecode.c.objc; name = AppDelegate.m; path = SuryoLingo/AppDelegate.m; sourceTree = "<group>"; };
		13B07FB51A68108700A75B9A /* Images.xcassets */ = {isa = PBXFileReference; lastKnownFileType = folder.assetcatalog; name = Images.xcassets; path = SuryoLingo/Images.xcassets; sourceTree = "<group>"; };
		13B07FB61A68108700A75B9A /* Info.plist */ = {isa = PBXFileReference; fileEncoding = 4; lastKnownFileType = text.plist.xml; name = Info.plist; path = SuryoLingo/Info.plist; sourceTree = "<group>"; };
		13B07FB71A68108700A75B9A /* main.m */ = {isa = PBXFileReference; fileEncoding = 4; lastKnownFileType = sourcecode.c.objc; name = main.m; path = SuryoLingo/main.m; sourceTree = "<group>"; };
		1579F669763DDC8AD0C4718E /* libPods-SuryoLingo-tvOSTests.a */ = {isa = PBXFileReference; explicitFileType = archive.ar; includeInIndex = 0; path = "libPods-SuryoLingo-tvOSTests.a"; sourceTree = BUILT_PRODUCTS_DIR; };
		1957988ECD544DC9AB2BFCA9 /* RNVersionNumber.xcodeproj */ = {isa = PBXFileReference; explicitFileType = undefined; fileEncoding = 9; includeInIndex = 0; lastKnownFileType = "wrapper.pb-project"; name = RNVersionNumber.xcodeproj; path = "../node_modules/react-native-version-number/ios/RNVersionNumber.xcodeproj"; sourceTree = "<group>"; };
		1A16BB8C117542EE86CFC494 /* RCTCustomInputController.xcodeproj */ = {isa = PBXFileReference; explicitFileType = undefined; fileEncoding = 9; includeInIndex = 0; lastKnownFileType = "wrapper.pb-project"; name = RCTCustomInputController.xcodeproj; path = "../node_modules/react-native-keyboard-input/lib/ios/RCTCustomInputController.xcodeproj"; sourceTree = "<group>"; };
		1C65B2527E6841469E5CF2D2 /* Foundation.ttf */ = {isa = PBXFileReference; explicitFileType = undefined; fileEncoding = 9; includeInIndex = 0; lastKnownFileType = unknown; name = Foundation.ttf; path = "../node_modules/native-base/Fonts/Foundation.ttf"; sourceTree = "<group>"; };
		1F56010ACA204500A205E6A5 /* RNFetchBlob.xcodeproj */ = {isa = PBXFileReference; explicitFileType = undefined; fileEncoding = 9; includeInIndex = 0; lastKnownFileType = "wrapper.pb-project"; name = RNFetchBlob.xcodeproj; path = "../node_modules/react-native-fetch-blob/ios/RNFetchBlob.xcodeproj"; sourceTree = "<group>"; };
		2266CAF6BD88450687A92004 /* libRNI18n.a */ = {isa = PBXFileReference; explicitFileType = undefined; fileEncoding = 9; includeInIndex = 0; lastKnownFileType = archive.ar; path = libRNI18n.a; sourceTree = "<group>"; };
		2623291966BF4369A276E510 /* RNFirebase.xcodeproj */ = {isa = PBXFileReference; explicitFileType = undefined; fileEncoding = 9; includeInIndex = 0; lastKnownFileType = "wrapper.pb-project"; name = RNFirebase.xcodeproj; path = "../node_modules/react-native-firebase/ios/RNFirebase.xcodeproj"; sourceTree = "<group>"; };
		2A6A38087BB819786195544B /* libPods-SuryoLingo.a */ = {isa = PBXFileReference; explicitFileType = archive.ar; includeInIndex = 0; path = "libPods-SuryoLingo.a"; sourceTree = BUILT_PRODUCTS_DIR; };
		2B53D2CF32C54A8693B1CD2B /* libRNVersionNumber.a */ = {isa = PBXFileReference; explicitFileType = undefined; fileEncoding = 9; includeInIndex = 0; lastKnownFileType = archive.ar; path = libRNVersionNumber.a; sourceTree = "<group>"; };
		2B77DCD63F8645BEB9640A39 /* libRNDeviceInfo.a */ = {isa = PBXFileReference; explicitFileType = undefined; fileEncoding = 9; includeInIndex = 0; lastKnownFileType = archive.ar; path = libRNDeviceInfo.a; sourceTree = "<group>"; };
		2D02E47B1E0B4A5D006451C7 /* SuryoLingo-tvOS.app */ = {isa = PBXFileReference; explicitFileType = wrapper.application; includeInIndex = 0; path = "SuryoLingo-tvOS.app"; sourceTree = BUILT_PRODUCTS_DIR; };
		2D02E4901E0B4A5D006451C7 /* SuryoLingo-tvOSTests.xctest */ = {isa = PBXFileReference; explicitFileType = wrapper.cfbundle; includeInIndex = 0; path = "SuryoLingo-tvOSTests.xctest"; sourceTree = BUILT_PRODUCTS_DIR; };
		2F548936E2C34966BC65B1B5 /* RNSound.xcodeproj */ = {isa = PBXFileReference; explicitFileType = undefined; fileEncoding = 9; includeInIndex = 0; lastKnownFileType = "wrapper.pb-project"; name = RNSound.xcodeproj; path = "../node_modules/react-native-sound/RNSound.xcodeproj"; sourceTree = "<group>"; };
		33A8FDEAD917466386111274 /* libRNSound.a */ = {isa = PBXFileReference; explicitFileType = undefined; fileEncoding = 9; includeInIndex = 0; lastKnownFileType = archive.ar; path = libRNSound.a; sourceTree = "<group>"; };
		3BEAFC1403FE4939A257940C /* Serto Urhoy.ttf */ = {isa = PBXFileReference; explicitFileType = undefined; fileEncoding = 9; includeInIndex = 0; lastKnownFileType = unknown; name = "Serto Urhoy.ttf"; path = "../src/assets/fonts/Serto Urhoy.ttf"; sourceTree = "<group>"; };
		41CDEA583D7C4CBD98A17BEF /* BVLinearGradient.xcodeproj */ = {isa = PBXFileReference; explicitFileType = undefined; fileEncoding = 9; includeInIndex = 0; lastKnownFileType = "wrapper.pb-project"; name = BVLinearGradient.xcodeproj; path = "../node_modules/react-native-linear-gradient/BVLinearGradient.xcodeproj"; sourceTree = "<group>"; };
		47082B318EFB4AFCA6A6728C /* libBVLinearGradient.a */ = {isa = PBXFileReference; explicitFileType = undefined; fileEncoding = 9; includeInIndex = 0; lastKnownFileType = archive.ar; path = libBVLinearGradient.a; sourceTree = "<group>"; };
		4D1C1C49BD354A84A8E499DF /* RNAdMobManager.xcodeproj */ = {isa = PBXFileReference; explicitFileType = undefined; fileEncoding = 9; includeInIndex = 0; lastKnownFileType = "wrapper.pb-project"; name = RNAdMobManager.xcodeproj; path = "../node_modules/react-native-admob/ios/RNAdMobManager.xcodeproj"; sourceTree = "<group>"; };
		4FC64751280740069630B5E0 /* RCTRestart.xcodeproj */ = {isa = PBXFileReference; explicitFileType = undefined; fileEncoding = 9; includeInIndex = 0; lastKnownFileType = "wrapper.pb-project"; name = RCTRestart.xcodeproj; path = "../node_modules/react-native-restart/ios/RCTRestart.xcodeproj"; sourceTree = "<group>"; };
		50CA418FC8614CFAA1C40281 /* libRNFirebase.a */ = {isa = PBXFileReference; explicitFileType = undefined; fileEncoding = 9; includeInIndex = 0; lastKnownFileType = archive.ar; path = libRNFirebase.a; sourceTree = "<group>"; };
		53587E7FFEF0446B80345F8D /* SimpleLineIcons.ttf */ = {isa = PBXFileReference; explicitFileType = undefined; fileEncoding = 9; includeInIndex = 0; lastKnownFileType = unknown; name = SimpleLineIcons.ttf; path = "../node_modules/native-base/Fonts/SimpleLineIcons.ttf"; sourceTree = "<group>"; };
		5D07120CDC01F43B594D4650 /* libPods-SuryoLingoTests.a */ = {isa = PBXFileReference; explicitFileType = archive.ar; includeInIndex = 0; path = "libPods-SuryoLingoTests.a"; sourceTree = BUILT_PRODUCTS_DIR; };
		5EABD8C7070A4EFF9EA3425F /* Roboto_medium.ttf */ = {isa = PBXFileReference; explicitFileType = undefined; fileEncoding = 9; includeInIndex = 0; lastKnownFileType = unknown; name = Roboto_medium.ttf; path = "../node_modules/native-base/Fonts/Roboto_medium.ttf"; sourceTree = "<group>"; };
		605901FD8D2B6DFCB642FD48 /* Pods-SuryoLingo-tvOSTests.release.xcconfig */ = {isa = PBXFileReference; includeInIndex = 1; lastKnownFileType = text.xcconfig; name = "Pods-SuryoLingo-tvOSTests.release.xcconfig"; path = "Pods/Target Support Files/Pods-SuryoLingo-tvOSTests/Pods-SuryoLingo-tvOSTests.release.xcconfig"; sourceTree = "<group>"; };
		650E603159A94D8BAF48AE1A /* libRNAudioPlayer.a */ = {isa = PBXFileReference; explicitFileType = undefined; fileEncoding = 9; includeInIndex = 0; lastKnownFileType = archive.ar; path = libRNAudioPlayer.a; sourceTree = "<group>"; };
		674E9F47787F4138A9496857 /* MaterialCommunityIcons.ttf */ = {isa = PBXFileReference; explicitFileType = undefined; fileEncoding = 9; includeInIndex = 0; lastKnownFileType = unknown; name = MaterialCommunityIcons.ttf; path = "../node_modules/native-base/Fonts/MaterialCommunityIcons.ttf"; sourceTree = "<group>"; };
		779B638D46BC487B9C03222D /* libRCTCustomInputController.a */ = {isa = PBXFileReference; explicitFileType = undefined; fileEncoding = 9; includeInIndex = 0; lastKnownFileType = archive.ar; path = libRCTCustomInputController.a; sourceTree = "<group>"; };
		7DD76011DECD42DF94D77E29 /* EvilIcons.ttf */ = {isa = PBXFileReference; explicitFileType = undefined; fileEncoding = 9; includeInIndex = 0; lastKnownFileType = unknown; name = EvilIcons.ttf; path = "../node_modules/native-base/Fonts/EvilIcons.ttf"; sourceTree = "<group>"; };
		8599B81906AD23B9B8815FE7 /* Pods-SuryoLingo.debug.xcconfig */ = {isa = PBXFileReference; includeInIndex = 1; lastKnownFileType = text.xcconfig; name = "Pods-SuryoLingo.debug.xcconfig"; path = "Pods/Target Support Files/Pods-SuryoLingo/Pods-SuryoLingo.debug.xcconfig"; sourceTree = "<group>"; };
		88CC4534EF9CE566F856DDB8 /* libPods-SuryoLingo-tvOS.a */ = {isa = PBXFileReference; explicitFileType = archive.ar; includeInIndex = 0; path = "libPods-SuryoLingo-tvOS.a"; sourceTree = BUILT_PRODUCTS_DIR; };
		896631603A7F4FC59AD7D7BA /* Octicons.ttf */ = {isa = PBXFileReference; explicitFileType = undefined; fileEncoding = 9; includeInIndex = 0; lastKnownFileType = unknown; name = Octicons.ttf; path = "../node_modules/native-base/Fonts/Octicons.ttf"; sourceTree = "<group>"; };
		91305C4E7EAD4B71BB045EF8 /* MaterialIcons.ttf */ = {isa = PBXFileReference; explicitFileType = undefined; fileEncoding = 9; includeInIndex = 0; lastKnownFileType = unknown; name = MaterialIcons.ttf; path = "../node_modules/native-base/Fonts/MaterialIcons.ttf"; sourceTree = "<group>"; };
		9344D9C4D5594D4FBF810C1A /* RNAudioPlayer.xcodeproj */ = {isa = PBXFileReference; explicitFileType = undefined; fileEncoding = 9; includeInIndex = 0; lastKnownFileType = "wrapper.pb-project"; name = RNAudioPlayer.xcodeproj; path = "../node_modules/react-native-audioplayer/RNAudioPlayer.xcodeproj"; sourceTree = "<group>"; };
		99663E6C6D174FACB8EFFA8A /* Roboto.ttf */ = {isa = PBXFileReference; explicitFileType = undefined; fileEncoding = 9; includeInIndex = 0; lastKnownFileType = unknown; name = Roboto.ttf; path = "../node_modules/native-base/Fonts/Roboto.ttf"; sourceTree = "<group>"; };
		9B613C70C8B24960B2DAF730 /* libRNAdMobManager.a */ = {isa = PBXFileReference; explicitFileType = undefined; fileEncoding = 9; includeInIndex = 0; lastKnownFileType = archive.ar; path = libRNAdMobManager.a; sourceTree = "<group>"; };
		9E6969616684D0A1B6ABFF07 /* Pods-SuryoLingo-tvOS.debug.xcconfig */ = {isa = PBXFileReference; includeInIndex = 1; lastKnownFileType = text.xcconfig; name = "Pods-SuryoLingo-tvOS.debug.xcconfig"; path = "Pods/Target Support Files/Pods-SuryoLingo-tvOS/Pods-SuryoLingo-tvOS.debug.xcconfig"; sourceTree = "<group>"; };
		A0F6B70201BD45B0B863EF60 /* libRNFS.a */ = {isa = PBXFileReference; explicitFileType = undefined; fileEncoding = 9; includeInIndex = 0; lastKnownFileType = archive.ar; path = libRNFS.a; sourceTree = "<group>"; };
		A331AF76789248CD829F990E /* libRNExitApp.a */ = {isa = PBXFileReference; explicitFileType = undefined; fileEncoding = 9; includeInIndex = 0; lastKnownFileType = archive.ar; path = libRNExitApp.a; sourceTree = "<group>"; };
		A9AC6C7CE56D4E0BAB6A43F6 /* libAppCenterReactNative.a */ = {isa = PBXFileReference; explicitFileType = undefined; fileEncoding = 9; includeInIndex = 0; lastKnownFileType = archive.ar; path = libAppCenterReactNative.a; sourceTree = "<group>"; };
		BB257DEA90474DD09E2E6BE9 /* Entypo.ttf */ = {isa = PBXFileReference; explicitFileType = undefined; fileEncoding = 9; includeInIndex = 0; lastKnownFileType = unknown; name = Entypo.ttf; path = "../node_modules/native-base/Fonts/Entypo.ttf"; sourceTree = "<group>"; };
		BBB4227AB8BD4FB285692F48 /* libAppCenterReactNativePush.a */ = {isa = PBXFileReference; explicitFileType = undefined; fileEncoding = 9; includeInIndex = 0; lastKnownFileType = archive.ar; path = libAppCenterReactNativePush.a; sourceTree = "<group>"; };
		BDD7F859FB93FE5993A04D1F /* Pods-SuryoLingoTests.release.xcconfig */ = {isa = PBXFileReference; includeInIndex = 1; lastKnownFileType = text.xcconfig; name = "Pods-SuryoLingoTests.release.xcconfig"; path = "Pods/Target Support Files/Pods-SuryoLingoTests/Pods-SuryoLingoTests.release.xcconfig"; sourceTree = "<group>"; };
		C03DAC999AF147D8AA1B5AAE /* libRNSensitiveInfo.a */ = {isa = PBXFileReference; explicitFileType = undefined; fileEncoding = 9; includeInIndex = 0; lastKnownFileType = archive.ar; path = libRNSensitiveInfo.a; sourceTree = "<group>"; };
		C7E4AB6AA80564FAA8D75C89 /* Pods-SuryoLingoTests.debug.xcconfig */ = {isa = PBXFileReference; includeInIndex = 1; lastKnownFileType = text.xcconfig; name = "Pods-SuryoLingoTests.debug.xcconfig"; path = "Pods/Target Support Files/Pods-SuryoLingoTests/Pods-SuryoLingoTests.debug.xcconfig"; sourceTree = "<group>"; };
		C93C963850534E0EA5A46F9C /* RNI18n.xcodeproj */ = {isa = PBXFileReference; explicitFileType = undefined; fileEncoding = 9; includeInIndex = 0; lastKnownFileType = "wrapper.pb-project"; name = RNI18n.xcodeproj; path = "../node_modules/react-native-i18n/ios/RNI18n.xcodeproj"; sourceTree = "<group>"; };
		CED93749F81E48AFBDB56A80 /* libAppCenterReactNativeCrashes.a */ = {isa = PBXFileReference; explicitFileType = undefined; fileEncoding = 9; includeInIndex = 0; lastKnownFileType = archive.ar; path = libAppCenterReactNativeCrashes.a; sourceTree = "<group>"; };
		D614BD302137291700E630F3 /* GoogleMobileAds.framework */ = {isa = PBXFileReference; lastKnownFileType = wrapper.framework; name = GoogleMobileAds.framework; path = "Pods/Google-Mobile-Ads-SDK/Frameworks/frameworks/GoogleMobileAds.framework"; sourceTree = "<group>"; };
		D621C0B72126CC130080E495 /* HelveticaNeue.ttf */ = {isa = PBXFileReference; lastKnownFileType = file; name = HelveticaNeue.ttf; path = ../src/assets/fonts/HelveticaNeue.ttf; sourceTree = "<group>"; };
		D621C16E212913550080E495 /* KeyboardTrackingView.xcodeproj */ = {isa = PBXFileReference; lastKnownFileType = "wrapper.pb-project"; name = KeyboardTrackingView.xcodeproj; path = "../node_modules/react-native-keyboard-tracking-view/lib/KeyboardTrackingView.xcodeproj"; sourceTree = "<group>"; };
		D6562F982159B2E20090408D /* GoogleService-Info.plist */ = {isa = PBXFileReference; fileEncoding = 4; lastKnownFileType = text.plist.xml; path = "GoogleService-Info.plist"; sourceTree = "<group>"; };
		D66CF52B207421E800059473 /* SuryoLingo-tvOS.entitlements */ = {isa = PBXFileReference; lastKnownFileType = text.plist.entitlements; name = "SuryoLingo-tvOS.entitlements"; path = "SuryoLingo-tvOS/SuryoLingo-tvOS.entitlements"; sourceTree = "<group>"; };
		D69CB98D216688AE00ABB89E /* Base */ = {isa = PBXFileReference; lastKnownFileType = file.xib; name = Base; path = SuryoLingo/Base.lproj/LaunchScreen.xib; sourceTree = "<group>"; };
		D6C5C5882155AAFE002A599D /* SuryoLingo.entitlements */ = {isa = PBXFileReference; lastKnownFileType = text.plist.entitlements; name = SuryoLingo.entitlements; path = SuryoLingo/SuryoLingo.entitlements; sourceTree = "<group>"; };
		D6C5C75F2155BF4C002A599D /* libFirebaseCore.a */ = {isa = PBXFileReference; explicitFileType = archive.ar; path = libFirebaseCore.a; sourceTree = BUILT_PRODUCTS_DIR; };
		D6F2413321462B8900F974FD /* assets */ = {isa = PBXFileReference; lastKnownFileType = folder; path = assets; sourceTree = "<group>"; };
		D818D289FAE040FF129DE70E /* Pods-SuryoLingo.release.xcconfig */ = {isa = PBXFileReference; includeInIndex = 1; lastKnownFileType = text.xcconfig; name = "Pods-SuryoLingo.release.xcconfig"; path = "Pods/Target Support Files/Pods-SuryoLingo/Pods-SuryoLingo.release.xcconfig"; sourceTree = "<group>"; };
		DD4B41EE498ECC93DC703215 /* Pods-SuryoLingo-tvOS.release.xcconfig */ = {isa = PBXFileReference; includeInIndex = 1; lastKnownFileType = text.xcconfig; name = "Pods-SuryoLingo-tvOS.release.xcconfig"; path = "Pods/Target Support Files/Pods-SuryoLingo-tvOS/Pods-SuryoLingo-tvOS.release.xcconfig"; sourceTree = "<group>"; };
		E07780019D0747AEA16343ED /* rubicon-icon-font.ttf */ = {isa = PBXFileReference; explicitFileType = undefined; fileEncoding = 9; includeInIndex = 0; lastKnownFileType = unknown; name = "rubicon-icon-font.ttf"; path = "../node_modules/native-base/Fonts/rubicon-icon-font.ttf"; sourceTree = "<group>"; };
		E741BE1AE2514447BC76D6BF /* Feather.ttf */ = {isa = PBXFileReference; explicitFileType = undefined; fileEncoding = 9; includeInIndex = 0; lastKnownFileType = unknown; name = Feather.ttf; path = "../node_modules/native-base/Fonts/Feather.ttf"; sourceTree = "<group>"; };
		E859623701FE4E4D80E810D9 /* Ionicons.ttf */ = {isa = PBXFileReference; explicitFileType = undefined; fileEncoding = 9; includeInIndex = 0; lastKnownFileType = unknown; name = Ionicons.ttf; path = "../node_modules/native-base/Fonts/Ionicons.ttf"; sourceTree = "<group>"; };
		EFF1A9FDEF86483C8A73CABE /* RNFS.xcodeproj */ = {isa = PBXFileReference; explicitFileType = undefined; fileEncoding = 9; includeInIndex = 0; lastKnownFileType = "wrapper.pb-project"; name = RNFS.xcodeproj; path = "../node_modules/react-native-fs/RNFS.xcodeproj"; sourceTree = "<group>"; };
		F0A13932CC344B0386299CB3 /* libRNFetchBlob.a */ = {isa = PBXFileReference; explicitFileType = undefined; fileEncoding = 9; includeInIndex = 0; lastKnownFileType = archive.ar; path = libRNFetchBlob.a; sourceTree = "<group>"; };
		F6C2E8C6AD44498E9EBF2F15 /* FontAwesome.ttf */ = {isa = PBXFileReference; explicitFileType = undefined; fileEncoding = 9; includeInIndex = 0; lastKnownFileType = unknown; name = FontAwesome.ttf; path = "../node_modules/native-base/Fonts/FontAwesome.ttf"; sourceTree = "<group>"; };
		FC8231E6F07E43AB45B7987E /* Pods-SuryoLingo-tvOSTests.debug.xcconfig */ = {isa = PBXFileReference; includeInIndex = 1; lastKnownFileType = text.xcconfig; name = "Pods-SuryoLingo-tvOSTests.debug.xcconfig"; path = "Pods/Target Support Files/Pods-SuryoLingo-tvOSTests/Pods-SuryoLingo-tvOSTests.debug.xcconfig"; sourceTree = "<group>"; };
		FE7656186D954CFDB481E5A3 /* libRCTRestart.a */ = {isa = PBXFileReference; explicitFileType = undefined; fileEncoding = 9; includeInIndex = 0; lastKnownFileType = archive.ar; path = libRCTRestart.a; sourceTree = "<group>"; };
/* End PBXFileReference section */

/* Begin PBXFrameworksBuildPhase section */
		00E356EB1AD99517003FC87E /* Frameworks */ = {
			isa = PBXFrameworksBuildPhase;
			buildActionMask = 2147483647;
			files = (
				D06CEFB1E778974F2FAA6103 /* libPods-SuryoLingoTests.a in Frameworks */,
			);
			runOnlyForDeploymentPostprocessing = 0;
		};
		13B07F8C1A680F5B00A75B9A /* Frameworks */ = {
			isa = PBXFrameworksBuildPhase;
			buildActionMask = 2147483647;
			files = (
				D6C5C7602155BF4C002A599D /* libFirebaseCore.a in Frameworks */,
				D621C19F212926A10080E495 /* libKeyboardTrackingView.a in Frameworks */,
				4A2857D6036A4AD58D0668AA /* libRNI18n.a in Frameworks */,
				F660850E755B4AA7A990055A /* libRNSound.a in Frameworks */,
				9D3FF9CCFC664C1F9F156287 /* libRNAudioPlayer.a in Frameworks */,
				BF16666D3AE443DEA819A0C8 /* libRCTActionSheet.a in Frameworks */,
				A2C777D4B07D4E7481EF660A /* libRNSensitiveInfo.a in Frameworks */,
				5B75E7A5C8A447AF8665944B /* libBVLinearGradient.a in Frameworks */,
				C0913FEEBF0F46B3BF22E0A6 /* libRNFS.a in Frameworks */,
				1014F51A373D4376BD161914 /* libRNDeviceInfo.a in Frameworks */,
				1A01618B143B4385913C2F20 /* libRCTRestart.a in Frameworks */,
				935F4640FD8D43C681C3EBCC /* libRNExitApp.a in Frameworks */,
				E181D2707EAD447BB39D8D13 /* libRNVersionNumber.a in Frameworks */,
				A70BEE1E9D4C425183748E5A /* libRNFetchBlob.a in Frameworks */,
				F7343D071A25C169FFA9684A /* libPods-SuryoLingo.a in Frameworks */,
				161E2DE72C634BC3B4FB07A5 /* libRCTCustomInputController.a in Frameworks */,
				B7D11E103DAC465C9F574A5E /* libRNAdMobManager.a in Frameworks */,
				BFAAF17CA7DA46389FCFB1BD /* libRNFirebase.a in Frameworks */,
			);
			runOnlyForDeploymentPostprocessing = 0;
		};
		2D02E4781E0B4A5D006451C7 /* Frameworks */ = {
			isa = PBXFrameworksBuildPhase;
			buildActionMask = 2147483647;
			files = (
				C8F847F0F1CD29902BED80A2 /* libPods-SuryoLingo-tvOS.a in Frameworks */,
			);
			runOnlyForDeploymentPostprocessing = 0;
		};
		2D02E48D1E0B4A5D006451C7 /* Frameworks */ = {
			isa = PBXFrameworksBuildPhase;
			buildActionMask = 2147483647;
			files = (
				96EDF0231FF338D65533A059 /* libPods-SuryoLingo-tvOSTests.a in Frameworks */,
			);
			runOnlyForDeploymentPostprocessing = 0;
		};
/* End PBXFrameworksBuildPhase section */

/* Begin PBXGroup section */
		00E356EF1AD99517003FC87E /* SuryoLingoTests */ = {
			isa = PBXGroup;
			children = (
				00E356F21AD99517003FC87E /* SuryoLingoTests.m */,
				00E356F01AD99517003FC87E /* Supporting Files */,
			);
			path = SuryoLingoTests;
			sourceTree = "<group>";
		};
		00E356F01AD99517003FC87E /* Supporting Files */ = {
			isa = PBXGroup;
			children = (
				00E356F11AD99517003FC87E /* Info.plist */,
			);
			name = "Supporting Files";
			sourceTree = "<group>";
		};
		0E6E36D8B288480AB7FD8C3C /* Resources */ = {
			isa = PBXGroup;
			children = (
				D621C0B72126CC130080E495 /* HelveticaNeue.ttf */,
				BB257DEA90474DD09E2E6BE9 /* Entypo.ttf */,
				7DD76011DECD42DF94D77E29 /* EvilIcons.ttf */,
				F6C2E8C6AD44498E9EBF2F15 /* FontAwesome.ttf */,
				1C65B2527E6841469E5CF2D2 /* Foundation.ttf */,
				E859623701FE4E4D80E810D9 /* Ionicons.ttf */,
				91305C4E7EAD4B71BB045EF8 /* MaterialIcons.ttf */,
				896631603A7F4FC59AD7D7BA /* Octicons.ttf */,
				5EABD8C7070A4EFF9EA3425F /* Roboto_medium.ttf */,
				99663E6C6D174FACB8EFFA8A /* Roboto.ttf */,
				E07780019D0747AEA16343ED /* rubicon-icon-font.ttf */,
				53587E7FFEF0446B80345F8D /* SimpleLineIcons.ttf */,
				0D2089CCAF314FA0925EB790 /* Zocial.ttf */,
				007DA2D71412451898EB133E /* Al-Jazeera-Arabic-Regular.ttf */,
				3BEAFC1403FE4939A257940C /* Serto Urhoy.ttf */,
				E741BE1AE2514447BC76D6BF /* Feather.ttf */,
				674E9F47787F4138A9496857 /* MaterialCommunityIcons.ttf */,
			);
			name = Resources;
			sourceTree = "<group>";
		};
		13B07FAE1A68108700A75B9A /* SuryoLingo */ = {
			isa = PBXGroup;
			children = (
				D69CB98C216688AE00ABB89E /* LaunchScreen.xib */,
				D6562F982159B2E20090408D /* GoogleService-Info.plist */,
				D6C5C5882155AAFE002A599D /* SuryoLingo.entitlements */,
				13B07FAF1A68108700A75B9A /* AppDelegate.h */,
				13B07FB01A68108700A75B9A /* AppDelegate.m */,
				13B07FB51A68108700A75B9A /* Images.xcassets */,
				13B07FB61A68108700A75B9A /* Info.plist */,
				13B07FB71A68108700A75B9A /* main.m */,
			);
			name = SuryoLingo;
			sourceTree = "<group>";
		};
		832341AE1AAA6A7D00B99B32 /* Libraries */ = {
			isa = PBXGroup;
			children = (
				D621C16E212913550080E495 /* KeyboardTrackingView.xcodeproj */,
				C93C963850534E0EA5A46F9C /* RNI18n.xcodeproj */,
				2F548936E2C34966BC65B1B5 /* RNSound.xcodeproj */,
				9344D9C4D5594D4FBF810C1A /* RNAudioPlayer.xcodeproj */,
				41CDEA583D7C4CBD98A17BEF /* BVLinearGradient.xcodeproj */,
				EFF1A9FDEF86483C8A73CABE /* RNFS.xcodeproj */,
				4FC64751280740069630B5E0 /* RCTRestart.xcodeproj */,
				01CF1F3B9F86472B896BDB40 /* RNExitApp.xcodeproj */,
				1957988ECD544DC9AB2BFCA9 /* RNVersionNumber.xcodeproj */,
				1F56010ACA204500A205E6A5 /* RNFetchBlob.xcodeproj */,
				1A16BB8C117542EE86CFC494 /* RCTCustomInputController.xcodeproj */,
				4D1C1C49BD354A84A8E499DF /* RNAdMobManager.xcodeproj */,
				2623291966BF4369A276E510 /* RNFirebase.xcodeproj */,
			);
			name = Libraries;
			sourceTree = "<group>";
		};
		83CBB9F61A601CBA00E9B192 = {
			isa = PBXGroup;
			children = (
				D6F2413321462B8900F974FD /* assets */,
				D66CF52B207421E800059473 /* SuryoLingo-tvOS.entitlements */,
				13B07FAE1A68108700A75B9A /* SuryoLingo */,
				832341AE1AAA6A7D00B99B32 /* Libraries */,
				00E356EF1AD99517003FC87E /* SuryoLingoTests */,
				83CBBA001A601CBA00E9B192 /* Products */,
				0E6E36D8B288480AB7FD8C3C /* Resources */,
				D6B158E61FA2C8210044EA78 /* Recovered References */,
				D655219E1FFFEB18007C9243 /* Frameworks */,
				D178CF7519DD584947471A68 /* Pods */,
			);
			indentWidth = 2;
			sourceTree = "<group>";
			tabWidth = 2;
			usesTabs = 0;
		};
		83CBBA001A601CBA00E9B192 /* Products */ = {
			isa = PBXGroup;
			children = (
				13B07F961A680F5B00A75B9A /* SuryoLingo.app */,
				00E356EE1AD99517003FC87E /* SuryoLingoTests.xctest */,
				2D02E47B1E0B4A5D006451C7 /* SuryoLingo-tvOS.app */,
				2D02E4901E0B4A5D006451C7 /* SuryoLingo-tvOSTests.xctest */,
			);
			name = Products;
			sourceTree = "<group>";
		};
		D178CF7519DD584947471A68 /* Pods */ = {
			isa = PBXGroup;
			children = (
				8599B81906AD23B9B8815FE7 /* Pods-SuryoLingo.debug.xcconfig */,
				D818D289FAE040FF129DE70E /* Pods-SuryoLingo.release.xcconfig */,
				9E6969616684D0A1B6ABFF07 /* Pods-SuryoLingo-tvOS.debug.xcconfig */,
				DD4B41EE498ECC93DC703215 /* Pods-SuryoLingo-tvOS.release.xcconfig */,
				FC8231E6F07E43AB45B7987E /* Pods-SuryoLingo-tvOSTests.debug.xcconfig */,
				605901FD8D2B6DFCB642FD48 /* Pods-SuryoLingo-tvOSTests.release.xcconfig */,
				C7E4AB6AA80564FAA8D75C89 /* Pods-SuryoLingoTests.debug.xcconfig */,
				BDD7F859FB93FE5993A04D1F /* Pods-SuryoLingoTests.release.xcconfig */,
			);
			name = Pods;
			sourceTree = "<group>";
		};
		D6193C00203E339800917FE6 /* Products */ = {
			isa = PBXGroup;
			children = (
				D6193C0D203E339800917FE6 /* libRNExitApp.a */,
			);
			name = Products;
			sourceTree = "<group>";
		};
		D6193C02203E339800917FE6 /* Products */ = {
			isa = PBXGroup;
			children = (
				D6193C0A203E339800917FE6 /* libRCTRestart.a */,
			);
			name = Products;
			sourceTree = "<group>";
		};
		D6193C04203E339800917FE6 /* Products */ = {
			isa = PBXGroup;
			children = (
				D6193C14203E339800917FE6 /* libRNVersionNumber.a */,
				D6193C16203E339800917FE6 /* libRNVersionNumber-tvOS.a */,
			);
			name = Products;
			sourceTree = "<group>";
		};
		D6193C06203E339800917FE6 /* Products */ = {
			isa = PBXGroup;
			children = (
				D6193C10203E339800917FE6 /* libRNFetchBlob.a */,
			);
			name = Products;
			sourceTree = "<group>";
		};
		D621C163212912280080E495 /* Products */ = {
			isa = PBXGroup;
			children = (
				D621C167212912280080E495 /* libRCTCustomInputController.a */,
			);
			name = Products;
			sourceTree = "<group>";
		};
		D621C16F212913550080E495 /* Products */ = {
			isa = PBXGroup;
			children = (
				D621C173212913550080E495 /* libKeyboardTrackingView.a */,
			);
			name = Products;
			sourceTree = "<group>";
		};
		D655219E1FFFEB18007C9243 /* Frameworks */ = {
			isa = PBXGroup;
			children = (
				D6C5C75F2155BF4C002A599D /* libFirebaseCore.a */,
				D614BD302137291700E630F3 /* GoogleMobileAds.framework */,
				2A6A38087BB819786195544B /* libPods-SuryoLingo.a */,
				88CC4534EF9CE566F856DDB8 /* libPods-SuryoLingo-tvOS.a */,
				1579F669763DDC8AD0C4718E /* libPods-SuryoLingo-tvOSTests.a */,
				5D07120CDC01F43B594D4650 /* libPods-SuryoLingoTests.a */,
			);
			name = Frameworks;
			sourceTree = "<group>";
		};
		D65F694B1FA3601D005923BE /* Products */ = {
			isa = PBXGroup;
			children = (
				D65F69501FA3601D005923BE /* libBVLinearGradient.a */,
				D65F69521FA3601D005923BE /* libBVLinearGradient.a */,
			);
			name = Products;
			sourceTree = "<group>";
		};
		D6AAD0302133917800122982 /* Products */ = {
			isa = PBXGroup;
			children = (
				D6AAD0342133917800122982 /* libRNAdMobManager.a */,
			);
			name = Products;
			sourceTree = "<group>";
		};
		D6B158E61FA2C8210044EA78 /* Recovered References */ = {
			isa = PBXGroup;
			children = (
				2266CAF6BD88450687A92004 /* libRNI18n.a */,
				33A8FDEAD917466386111274 /* libRNSound.a */,
				650E603159A94D8BAF48AE1A /* libRNAudioPlayer.a */,
				09CE1B20D736490FA2794D4A /* libRCTActionSheet.a */,
				C03DAC999AF147D8AA1B5AAE /* libRNSensitiveInfo.a */,
				47082B318EFB4AFCA6A6728C /* libBVLinearGradient.a */,
				A0F6B70201BD45B0B863EF60 /* libRNFS.a */,
				2B77DCD63F8645BEB9640A39 /* libRNDeviceInfo.a */,
				FE7656186D954CFDB481E5A3 /* libRCTRestart.a */,
				A331AF76789248CD829F990E /* libRNExitApp.a */,
				2B53D2CF32C54A8693B1CD2B /* libRNVersionNumber.a */,
				F0A13932CC344B0386299CB3 /* libRNFetchBlob.a */,
				A9AC6C7CE56D4E0BAB6A43F6 /* libAppCenterReactNative.a */,
				11586CECBC6D46D59819DC47 /* libAppCenterReactNativeAnalytics.a */,
				CED93749F81E48AFBDB56A80 /* libAppCenterReactNativeCrashes.a */,
				BBB4227AB8BD4FB285692F48 /* libAppCenterReactNativePush.a */,
				779B638D46BC487B9C03222D /* libRCTCustomInputController.a */,
				9B613C70C8B24960B2DAF730 /* libRNAdMobManager.a */,
				50CA418FC8614CFAA1C40281 /* libRNFirebase.a */,
			);
			name = "Recovered References";
			sourceTree = "<group>";
		};
		D6B158E71FA2C8220044EA78 /* Products */ = {
			isa = PBXGroup;
			children = (
				D6B159071FA2C8220044EA78 /* libRNI18n.a */,
				D6B159091FA2C8220044EA78 /* libRNI18n-tvOS.a */,
			);
			name = Products;
			sourceTree = "<group>";
		};
		D6B1590A1FA2C8220044EA78 /* Products */ = {
			isa = PBXGroup;
			children = (
				D6B1590E1FA2C8220044EA78 /* libRNSound.a */,
			);
			name = Products;
			sourceTree = "<group>";
		};
		D6B159541FA2C8330044EA78 /* Products */ = {
			isa = PBXGroup;
			children = (
				D6B159631FA2C8330044EA78 /* libRNAudioPlayer.a */,
				D6B159651FA2C8330044EA78 /* RNAudioPlayerTests.xctest */,
			);
			name = Products;
			sourceTree = "<group>";
		};
		D6C3EB1E1FF7F85D002043FB /* Products */ = {
			isa = PBXGroup;
			children = (
				D6C3EB231FF7F85D002043FB /* libRNFS.a */,
				D6C3EB251FF7F85D002043FB /* libRNFS.a */,
			);
			name = Products;
			sourceTree = "<group>";
		};
		D6C5C6D62155B77D002A599D /* Products */ = {
			isa = PBXGroup;
			children = (
				D6C5C6DA2155B77E002A599D /* libRNFirebase.a */,
			);
			name = Products;
			sourceTree = "<group>";
		};
/* End PBXGroup section */

/* Begin PBXNativeTarget section */
		00E356ED1AD99517003FC87E /* SuryoLingoTests */ = {
			isa = PBXNativeTarget;
			buildConfigurationList = 00E357021AD99517003FC87E /* Build configuration list for PBXNativeTarget "SuryoLingoTests" */;
			buildPhases = (
				487EF42DAFF69B63462CB322 /* [CP] Check Pods Manifest.lock */,
				00E356EA1AD99517003FC87E /* Sources */,
				00E356EB1AD99517003FC87E /* Frameworks */,
				00E356EC1AD99517003FC87E /* Resources */,
			);
			buildRules = (
			);
			dependencies = (
				00E356F51AD99517003FC87E /* PBXTargetDependency */,
			);
			name = SuryoLingoTests;
			productName = SuryoLingoTests;
			productReference = 00E356EE1AD99517003FC87E /* SuryoLingoTests.xctest */;
			productType = "com.apple.product-type.bundle.unit-test";
		};
		13B07F861A680F5B00A75B9A /* SuryoLingo */ = {
			isa = PBXNativeTarget;
			buildConfigurationList = 13B07F931A680F5B00A75B9A /* Build configuration list for PBXNativeTarget "SuryoLingo" */;
			buildPhases = (
				9F4539F441D29A26DBAA03B0 /* [CP] Check Pods Manifest.lock */,
				13B07F871A680F5B00A75B9A /* Sources */,
				13B07F8C1A680F5B00A75B9A /* Frameworks */,
				13B07F8E1A680F5B00A75B9A /* Resources */,
				00DD1BFF1BD5951E006B06BC /* Bundle React Native code and images */,
				D6562D6521598A8F0090408D /* ShellScript */,
				3686C268C801415E32677546 /* [CP] Copy Pods Resources */,
			);
			buildRules = (
			);
			dependencies = (
			);
			name = SuryoLingo;
			productName = "Hello World";
			productReference = 13B07F961A680F5B00A75B9A /* SuryoLingo.app */;
			productType = "com.apple.product-type.application";
		};
		2D02E47A1E0B4A5D006451C7 /* SuryoLingo-tvOS */ = {
			isa = PBXNativeTarget;
			buildConfigurationList = 2D02E4BA1E0B4A5E006451C7 /* Build configuration list for PBXNativeTarget "SuryoLingo-tvOS" */;
			buildPhases = (
				7AFB0D82372CFB14B5B96D10 /* [CP] Check Pods Manifest.lock */,
				2D02E4771E0B4A5D006451C7 /* Sources */,
				2D02E4781E0B4A5D006451C7 /* Frameworks */,
				2D02E4791E0B4A5D006451C7 /* Resources */,
				2D02E4CB1E0B4B27006451C7 /* Bundle React Native Code And Images */,
			);
			buildRules = (
			);
			dependencies = (
			);
			name = "SuryoLingo-tvOS";
			productName = "SuryoLingo-tvOS";
			productReference = 2D02E47B1E0B4A5D006451C7 /* SuryoLingo-tvOS.app */;
			productType = "com.apple.product-type.application";
		};
		2D02E48F1E0B4A5D006451C7 /* SuryoLingo-tvOSTests */ = {
			isa = PBXNativeTarget;
			buildConfigurationList = 2D02E4BB1E0B4A5E006451C7 /* Build configuration list for PBXNativeTarget "SuryoLingo-tvOSTests" */;
			buildPhases = (
				376BC93A5B2865DB6CD366FC /* [CP] Check Pods Manifest.lock */,
				2D02E48C1E0B4A5D006451C7 /* Sources */,
				2D02E48D1E0B4A5D006451C7 /* Frameworks */,
				2D02E48E1E0B4A5D006451C7 /* Resources */,
			);
			buildRules = (
			);
			dependencies = (
				2D02E4921E0B4A5D006451C7 /* PBXTargetDependency */,
			);
			name = "SuryoLingo-tvOSTests";
			productName = "SuryoLingo-tvOSTests";
			productReference = 2D02E4901E0B4A5D006451C7 /* SuryoLingo-tvOSTests.xctest */;
			productType = "com.apple.product-type.bundle.unit-test";
		};
/* End PBXNativeTarget section */

/* Begin PBXProject section */
		83CBB9F71A601CBA00E9B192 /* Project object */ = {
			isa = PBXProject;
			attributes = {
				LastUpgradeCheck = 920;
				ORGANIZATIONNAME = SuryoLingo;
				TargetAttributes = {
					00E356ED1AD99517003FC87E = {
						CreatedOnToolsVersion = 6.2;
						TestTargetID = 13B07F861A680F5B00A75B9A;
					};
					13B07F861A680F5B00A75B9A = {
						DevelopmentTeam = LB4JJ7565B;
						SystemCapabilities = {
							com.apple.Keychain = {
								enabled = 1;
							};
							com.apple.Push = {
								enabled = 1;
							};
						};
					};
					2D02E47A1E0B4A5D006451C7 = {
						CreatedOnToolsVersion = 8.2.1;
						DevelopmentTeam = 8822656F5W;
						ProvisioningStyle = Automatic;
						SystemCapabilities = {
							com.apple.Push = {
								enabled = 1;
							};
						};
					};
					2D02E48F1E0B4A5D006451C7 = {
						CreatedOnToolsVersion = 8.2.1;
						ProvisioningStyle = Automatic;
						TestTargetID = 2D02E47A1E0B4A5D006451C7;
					};
				};
			};
			buildConfigurationList = 83CBB9FA1A601CBA00E9B192 /* Build configuration list for PBXProject "SuryoLingo" */;
			compatibilityVersion = "Xcode 3.2";
			developmentRegion = English;
			hasScannedForEncodings = 0;
			knownRegions = (
				English,
				en,
				Base,
			);
			mainGroup = 83CBB9F61A601CBA00E9B192;
			productRefGroup = 83CBBA001A601CBA00E9B192 /* Products */;
			projectDirPath = "";
			projectReferences = (
				{
					ProductGroup = D65F694B1FA3601D005923BE /* Products */;
					ProjectRef = 41CDEA583D7C4CBD98A17BEF /* BVLinearGradient.xcodeproj */;
				},
				{
					ProductGroup = D621C16F212913550080E495 /* Products */;
					ProjectRef = D621C16E212913550080E495 /* KeyboardTrackingView.xcodeproj */;
				},
				{
					ProductGroup = D621C163212912280080E495 /* Products */;
					ProjectRef = 1A16BB8C117542EE86CFC494 /* RCTCustomInputController.xcodeproj */;
				},
				{
					ProductGroup = D6193C02203E339800917FE6 /* Products */;
					ProjectRef = 4FC64751280740069630B5E0 /* RCTRestart.xcodeproj */;
				},
				{
					ProductGroup = D6AAD0302133917800122982 /* Products */;
					ProjectRef = 4D1C1C49BD354A84A8E499DF /* RNAdMobManager.xcodeproj */;
				},
				{
					ProductGroup = D6B159541FA2C8330044EA78 /* Products */;
					ProjectRef = 9344D9C4D5594D4FBF810C1A /* RNAudioPlayer.xcodeproj */;
				},
				{
					ProductGroup = D6193C00203E339800917FE6 /* Products */;
					ProjectRef = 01CF1F3B9F86472B896BDB40 /* RNExitApp.xcodeproj */;
				},
				{
					ProductGroup = D6193C06203E339800917FE6 /* Products */;
					ProjectRef = 1F56010ACA204500A205E6A5 /* RNFetchBlob.xcodeproj */;
				},
				{
					ProductGroup = D6C5C6D62155B77D002A599D /* Products */;
					ProjectRef = 2623291966BF4369A276E510 /* RNFirebase.xcodeproj */;
				},
				{
					ProductGroup = D6C3EB1E1FF7F85D002043FB /* Products */;
					ProjectRef = EFF1A9FDEF86483C8A73CABE /* RNFS.xcodeproj */;
				},
				{
					ProductGroup = D6B158E71FA2C8220044EA78 /* Products */;
					ProjectRef = C93C963850534E0EA5A46F9C /* RNI18n.xcodeproj */;
				},
				{
					ProductGroup = D6B1590A1FA2C8220044EA78 /* Products */;
					ProjectRef = 2F548936E2C34966BC65B1B5 /* RNSound.xcodeproj */;
				},
				{
					ProductGroup = D6193C04203E339800917FE6 /* Products */;
					ProjectRef = 1957988ECD544DC9AB2BFCA9 /* RNVersionNumber.xcodeproj */;
				},
			);
			projectRoot = "";
			targets = (
				13B07F861A680F5B00A75B9A /* SuryoLingo */,
				00E356ED1AD99517003FC87E /* SuryoLingoTests */,
				2D02E47A1E0B4A5D006451C7 /* SuryoLingo-tvOS */,
				2D02E48F1E0B4A5D006451C7 /* SuryoLingo-tvOSTests */,
			);
		};
/* End PBXProject section */

/* Begin PBXReferenceProxy section */
		D6193C0A203E339800917FE6 /* libRCTRestart.a */ = {
			isa = PBXReferenceProxy;
			fileType = archive.ar;
			path = libRCTRestart.a;
			remoteRef = D6193C09203E339800917FE6 /* PBXContainerItemProxy */;
			sourceTree = BUILT_PRODUCTS_DIR;
		};
		D6193C0D203E339800917FE6 /* libRNExitApp.a */ = {
			isa = PBXReferenceProxy;
			fileType = archive.ar;
			path = libRNExitApp.a;
			remoteRef = D6193C0C203E339800917FE6 /* PBXContainerItemProxy */;
			sourceTree = BUILT_PRODUCTS_DIR;
		};
		D6193C10203E339800917FE6 /* libRNFetchBlob.a */ = {
			isa = PBXReferenceProxy;
			fileType = archive.ar;
			path = libRNFetchBlob.a;
			remoteRef = D6193C0F203E339800917FE6 /* PBXContainerItemProxy */;
			sourceTree = BUILT_PRODUCTS_DIR;
		};
		D6193C14203E339800917FE6 /* libRNVersionNumber.a */ = {
			isa = PBXReferenceProxy;
			fileType = archive.ar;
			path = libRNVersionNumber.a;
			remoteRef = D6193C13203E339800917FE6 /* PBXContainerItemProxy */;
			sourceTree = BUILT_PRODUCTS_DIR;
		};
		D6193C16203E339800917FE6 /* libRNVersionNumber-tvOS.a */ = {
			isa = PBXReferenceProxy;
			fileType = archive.ar;
			path = "libRNVersionNumber-tvOS.a";
			remoteRef = D6193C15203E339800917FE6 /* PBXContainerItemProxy */;
			sourceTree = BUILT_PRODUCTS_DIR;
		};
		D621C167212912280080E495 /* libRCTCustomInputController.a */ = {
			isa = PBXReferenceProxy;
			fileType = archive.ar;
			path = libRCTCustomInputController.a;
			remoteRef = D621C166212912280080E495 /* PBXContainerItemProxy */;
			sourceTree = BUILT_PRODUCTS_DIR;
		};
		D621C173212913550080E495 /* libKeyboardTrackingView.a */ = {
			isa = PBXReferenceProxy;
			fileType = archive.ar;
			path = libKeyboardTrackingView.a;
			remoteRef = D621C172212913550080E495 /* PBXContainerItemProxy */;
			sourceTree = BUILT_PRODUCTS_DIR;
		};
		D65F69501FA3601D005923BE /* libBVLinearGradient.a */ = {
			isa = PBXReferenceProxy;
			fileType = archive.ar;
			path = libBVLinearGradient.a;
			remoteRef = D65F694F1FA3601D005923BE /* PBXContainerItemProxy */;
			sourceTree = BUILT_PRODUCTS_DIR;
		};
		D65F69521FA3601D005923BE /* libBVLinearGradient.a */ = {
			isa = PBXReferenceProxy;
			fileType = archive.ar;
			path = libBVLinearGradient.a;
			remoteRef = D65F69511FA3601D005923BE /* PBXContainerItemProxy */;
			sourceTree = BUILT_PRODUCTS_DIR;
		};
		D6AAD0342133917800122982 /* libRNAdMobManager.a */ = {
			isa = PBXReferenceProxy;
			fileType = archive.ar;
			path = libRNAdMobManager.a;
			remoteRef = D6AAD0332133917800122982 /* PBXContainerItemProxy */;
			sourceTree = BUILT_PRODUCTS_DIR;
		};
		D6B159071FA2C8220044EA78 /* libRNI18n.a */ = {
			isa = PBXReferenceProxy;
			fileType = archive.ar;
			path = libRNI18n.a;
			remoteRef = D6B159061FA2C8220044EA78 /* PBXContainerItemProxy */;
			sourceTree = BUILT_PRODUCTS_DIR;
		};
		D6B159091FA2C8220044EA78 /* libRNI18n-tvOS.a */ = {
			isa = PBXReferenceProxy;
			fileType = archive.ar;
			path = "libRNI18n-tvOS.a";
			remoteRef = D6B159081FA2C8220044EA78 /* PBXContainerItemProxy */;
			sourceTree = BUILT_PRODUCTS_DIR;
		};
		D6B1590E1FA2C8220044EA78 /* libRNSound.a */ = {
			isa = PBXReferenceProxy;
			fileType = archive.ar;
			path = libRNSound.a;
			remoteRef = D6B1590D1FA2C8220044EA78 /* PBXContainerItemProxy */;
			sourceTree = BUILT_PRODUCTS_DIR;
		};
		D6B159631FA2C8330044EA78 /* libRNAudioPlayer.a */ = {
			isa = PBXReferenceProxy;
			fileType = archive.ar;
			path = libRNAudioPlayer.a;
			remoteRef = D6B159621FA2C8330044EA78 /* PBXContainerItemProxy */;
			sourceTree = BUILT_PRODUCTS_DIR;
		};
		D6B159651FA2C8330044EA78 /* RNAudioPlayerTests.xctest */ = {
			isa = PBXReferenceProxy;
			fileType = wrapper.cfbundle;
			path = RNAudioPlayerTests.xctest;
			remoteRef = D6B159641FA2C8330044EA78 /* PBXContainerItemProxy */;
			sourceTree = BUILT_PRODUCTS_DIR;
		};
		D6C3EB231FF7F85D002043FB /* libRNFS.a */ = {
			isa = PBXReferenceProxy;
			fileType = archive.ar;
			path = libRNFS.a;
			remoteRef = D6C3EB221FF7F85D002043FB /* PBXContainerItemProxy */;
			sourceTree = BUILT_PRODUCTS_DIR;
		};
		D6C3EB251FF7F85D002043FB /* libRNFS.a */ = {
			isa = PBXReferenceProxy;
			fileType = archive.ar;
			path = libRNFS.a;
			remoteRef = D6C3EB241FF7F85D002043FB /* PBXContainerItemProxy */;
			sourceTree = BUILT_PRODUCTS_DIR;
		};
		D6C5C6DA2155B77E002A599D /* libRNFirebase.a */ = {
			isa = PBXReferenceProxy;
			fileType = archive.ar;
			path = libRNFirebase.a;
			remoteRef = D6C5C6D92155B77E002A599D /* PBXContainerItemProxy */;
			sourceTree = BUILT_PRODUCTS_DIR;
		};
/* End PBXReferenceProxy section */

/* Begin PBXResourcesBuildPhase section */
		00E356EC1AD99517003FC87E /* Resources */ = {
			isa = PBXResourcesBuildPhase;
			buildActionMask = 2147483647;
			files = (
			);
			runOnlyForDeploymentPostprocessing = 0;
		};
		13B07F8E1A680F5B00A75B9A /* Resources */ = {
			isa = PBXResourcesBuildPhase;
			buildActionMask = 2147483647;
			files = (
				D6F2413521462B8900F974FD /* assets in Resources */,
				13B07FBF1A68108700A75B9A /* Images.xcassets in Resources */,
				0741D5A4C0944DF58C34329C /* Entypo.ttf in Resources */,
				9FFF9AACD4F04C419E2CDD67 /* EvilIcons.ttf in Resources */,
				4B499F2E54724F1DB20B06B9 /* FontAwesome.ttf in Resources */,
				E45B640E079C43E2B1055E53 /* Foundation.ttf in Resources */,
				BC14BB39499F4D52AC829263 /* Ionicons.ttf in Resources */,
				BBE64C0FE56B44058B6CCCF6 /* MaterialIcons.ttf in Resources */,
				9A27869596124D03A28D92AF /* Octicons.ttf in Resources */,
				53570F1B56D84FB997A93916 /* Roboto_medium.ttf in Resources */,
				5F59E58D5B1F42DF9C50672F /* Roboto.ttf in Resources */,
				67B57F879271405CBE07E4C4 /* rubicon-icon-font.ttf in Resources */,
				B14C736B59034492ADEB5A16 /* SimpleLineIcons.ttf in Resources */,
				D69CB9CD216688AE00ABB89E /* LaunchScreen.xib in Resources */,
				D0A9CF5622F94EFFAA4752BF /* Zocial.ttf in Resources */,
				D6BCDC20896C428E845F3DD3 /* Al-Jazeera-Arabic-Regular.ttf in Resources */,
				2B6B892165644A48990D3898 /* Serto Urhoy.ttf in Resources */,
				D621C0F42126CC130080E495 /* HelveticaNeue.ttf in Resources */,
				D6562F992159B2E20090408D /* GoogleService-Info.plist in Resources */,
				0CBFC872A8C2489E9D556A4F /* Feather.ttf in Resources */,
				F6CFF797FE2043268709C7A2 /* MaterialCommunityIcons.ttf in Resources */,
			);
			runOnlyForDeploymentPostprocessing = 0;
		};
		2D02E4791E0B4A5D006451C7 /* Resources */ = {
			isa = PBXResourcesBuildPhase;
			buildActionMask = 2147483647;
			files = (
				2D02E4BD1E0B4A84006451C7 /* Images.xcassets in Resources */,
			);
			runOnlyForDeploymentPostprocessing = 0;
		};
		2D02E48E1E0B4A5D006451C7 /* Resources */ = {
			isa = PBXResourcesBuildPhase;
			buildActionMask = 2147483647;
			files = (
			);
			runOnlyForDeploymentPostprocessing = 0;
		};
/* End PBXResourcesBuildPhase section */

/* Begin PBXShellScriptBuildPhase section */
		00DD1BFF1BD5951E006B06BC /* Bundle React Native code and images */ = {
			isa = PBXShellScriptBuildPhase;
			buildActionMask = 2147483647;
			files = (
			);
			inputPaths = (
			);
			name = "Bundle React Native code and images";
			outputPaths = (
			);
			runOnlyForDeploymentPostprocessing = 0;
			shellPath = /bin/bash;
			shellScript = "export NODE_BINARY=$(which node)\n../node_modules/react-native/scripts/react-native-xcode.sh\n";
		};
		2D02E4CB1E0B4B27006451C7 /* Bundle React Native Code And Images */ = {
			isa = PBXShellScriptBuildPhase;
			buildActionMask = 2147483647;
			files = (
			);
			inputPaths = (
			);
			name = "Bundle React Native Code And Images";
			outputPaths = (
			);
			runOnlyForDeploymentPostprocessing = 0;
			shellPath = /bin/sh;
			shellScript = "export NODE_BINARY=node\n../node_modules/react-native/scripts/react-native-xcode.sh";
		};
		3686C268C801415E32677546 /* [CP] Copy Pods Resources */ = {
			isa = PBXShellScriptBuildPhase;
			buildActionMask = 2147483647;
			files = (
			);
			inputPaths = (
				"${PODS_ROOT}/Target Support Files/Pods-SuryoLingo/Pods-SuryoLingo-resources.sh",
				"${PODS_ROOT}/FBSDKCoreKit/FacebookSDKStrings.bundle",
			);
			name = "[CP] Copy Pods Resources";
			outputPaths = (
				"${TARGET_BUILD_DIR}/${UNLOCALIZED_RESOURCES_FOLDER_PATH}/FacebookSDKStrings.bundle",
			);
			runOnlyForDeploymentPostprocessing = 0;
			shellPath = /bin/sh;
			shellScript = "\"${PODS_ROOT}/Target Support Files/Pods-SuryoLingo/Pods-SuryoLingo-resources.sh\"\n";
			showEnvVarsInLog = 0;
		};
		376BC93A5B2865DB6CD366FC /* [CP] Check Pods Manifest.lock */ = {
			isa = PBXShellScriptBuildPhase;
			buildActionMask = 2147483647;
			files = (
			);
			inputPaths = (
				"${PODS_PODFILE_DIR_PATH}/Podfile.lock",
				"${PODS_ROOT}/Manifest.lock",
			);
			name = "[CP] Check Pods Manifest.lock";
			outputPaths = (
				"$(DERIVED_FILE_DIR)/Pods-SuryoLingo-tvOSTests-checkManifestLockResult.txt",
			);
			runOnlyForDeploymentPostprocessing = 0;
			shellPath = /bin/sh;
			shellScript = "diff \"${PODS_PODFILE_DIR_PATH}/Podfile.lock\" \"${PODS_ROOT}/Manifest.lock\" > /dev/null\nif [ $? != 0 ] ; then\n    # print error to STDERR\n    echo \"error: The sandbox is not in sync with the Podfile.lock. Run 'pod install' or update your CocoaPods installation.\" >&2\n    exit 1\nfi\n# This output is used by Xcode 'outputs' to avoid re-running this script phase.\necho \"SUCCESS\" > \"${SCRIPT_OUTPUT_FILE_0}\"\n";
			showEnvVarsInLog = 0;
		};
		487EF42DAFF69B63462CB322 /* [CP] Check Pods Manifest.lock */ = {
			isa = PBXShellScriptBuildPhase;
			buildActionMask = 2147483647;
			files = (
			);
			inputPaths = (
				"${PODS_PODFILE_DIR_PATH}/Podfile.lock",
				"${PODS_ROOT}/Manifest.lock",
			);
			name = "[CP] Check Pods Manifest.lock";
			outputPaths = (
				"$(DERIVED_FILE_DIR)/Pods-SuryoLingoTests-checkManifestLockResult.txt",
			);
			runOnlyForDeploymentPostprocessing = 0;
			shellPath = /bin/sh;
			shellScript = "diff \"${PODS_PODFILE_DIR_PATH}/Podfile.lock\" \"${PODS_ROOT}/Manifest.lock\" > /dev/null\nif [ $? != 0 ] ; then\n    # print error to STDERR\n    echo \"error: The sandbox is not in sync with the Podfile.lock. Run 'pod install' or update your CocoaPods installation.\" >&2\n    exit 1\nfi\n# This output is used by Xcode 'outputs' to avoid re-running this script phase.\necho \"SUCCESS\" > \"${SCRIPT_OUTPUT_FILE_0}\"\n";
			showEnvVarsInLog = 0;
		};
		7AFB0D82372CFB14B5B96D10 /* [CP] Check Pods Manifest.lock */ = {
			isa = PBXShellScriptBuildPhase;
			buildActionMask = 2147483647;
			files = (
			);
			inputPaths = (
				"${PODS_PODFILE_DIR_PATH}/Podfile.lock",
				"${PODS_ROOT}/Manifest.lock",
			);
			name = "[CP] Check Pods Manifest.lock";
			outputPaths = (
				"$(DERIVED_FILE_DIR)/Pods-SuryoLingo-tvOS-checkManifestLockResult.txt",
			);
			runOnlyForDeploymentPostprocessing = 0;
			shellPath = /bin/sh;
			shellScript = "diff \"${PODS_PODFILE_DIR_PATH}/Podfile.lock\" \"${PODS_ROOT}/Manifest.lock\" > /dev/null\nif [ $? != 0 ] ; then\n    # print error to STDERR\n    echo \"error: The sandbox is not in sync with the Podfile.lock. Run 'pod install' or update your CocoaPods installation.\" >&2\n    exit 1\nfi\n# This output is used by Xcode 'outputs' to avoid re-running this script phase.\necho \"SUCCESS\" > \"${SCRIPT_OUTPUT_FILE_0}\"\n";
			showEnvVarsInLog = 0;
		};
		9F4539F441D29A26DBAA03B0 /* [CP] Check Pods Manifest.lock */ = {
			isa = PBXShellScriptBuildPhase;
			buildActionMask = 2147483647;
			files = (
			);
			inputPaths = (
				"${PODS_PODFILE_DIR_PATH}/Podfile.lock",
				"${PODS_ROOT}/Manifest.lock",
			);
			name = "[CP] Check Pods Manifest.lock";
			outputPaths = (
				"$(DERIVED_FILE_DIR)/Pods-SuryoLingo-checkManifestLockResult.txt",
			);
			runOnlyForDeploymentPostprocessing = 0;
			shellPath = /bin/sh;
			shellScript = "diff \"${PODS_PODFILE_DIR_PATH}/Podfile.lock\" \"${PODS_ROOT}/Manifest.lock\" > /dev/null\nif [ $? != 0 ] ; then\n    # print error to STDERR\n    echo \"error: The sandbox is not in sync with the Podfile.lock. Run 'pod install' or update your CocoaPods installation.\" >&2\n    exit 1\nfi\n# This output is used by Xcode 'outputs' to avoid re-running this script phase.\necho \"SUCCESS\" > \"${SCRIPT_OUTPUT_FILE_0}\"\n";
			showEnvVarsInLog = 0;
		};
		D6562D6521598A8F0090408D /* ShellScript */ = {
			isa = PBXShellScriptBuildPhase;
			buildActionMask = 2147483647;
			files = (
			);
			inputPaths = (
				"$(BUILT_PRODUCTS_DIR)/$(INFOPLIST_PATH)",
			);
			outputPaths = (
			);
			runOnlyForDeploymentPostprocessing = 0;
			shellPath = /bin/sh;
			shellScript = "\"${PODS_ROOT}/Fabric/run\"\n";
		};
/* End PBXShellScriptBuildPhase section */

/* Begin PBXSourcesBuildPhase section */
		00E356EA1AD99517003FC87E /* Sources */ = {
			isa = PBXSourcesBuildPhase;
			buildActionMask = 2147483647;
			files = (
				00E356F31AD99517003FC87E /* SuryoLingoTests.m in Sources */,
			);
			runOnlyForDeploymentPostprocessing = 0;
		};
		13B07F871A680F5B00A75B9A /* Sources */ = {
			isa = PBXSourcesBuildPhase;
			buildActionMask = 2147483647;
			files = (
				13B07FBC1A68108700A75B9A /* AppDelegate.m in Sources */,
				13B07FC11A68108700A75B9A /* main.m in Sources */,
			);
			runOnlyForDeploymentPostprocessing = 0;
		};
		2D02E4771E0B4A5D006451C7 /* Sources */ = {
			isa = PBXSourcesBuildPhase;
			buildActionMask = 2147483647;
			files = (
				2D02E4BF1E0B4AB3006451C7 /* main.m in Sources */,
				2D02E4BC1E0B4A80006451C7 /* AppDelegate.m in Sources */,
			);
			runOnlyForDeploymentPostprocessing = 0;
		};
		2D02E48C1E0B4A5D006451C7 /* Sources */ = {
			isa = PBXSourcesBuildPhase;
			buildActionMask = 2147483647;
			files = (
				2DCD954D1E0B4F2C00145EB5 /* SuryoLingoTests.m in Sources */,
			);
			runOnlyForDeploymentPostprocessing = 0;
		};
/* End PBXSourcesBuildPhase section */

/* Begin PBXTargetDependency section */
		00E356F51AD99517003FC87E /* PBXTargetDependency */ = {
			isa = PBXTargetDependency;
			target = 13B07F861A680F5B00A75B9A /* SuryoLingo */;
			targetProxy = 00E356F41AD99517003FC87E /* PBXContainerItemProxy */;
		};
		2D02E4921E0B4A5D006451C7 /* PBXTargetDependency */ = {
			isa = PBXTargetDependency;
			target = 2D02E47A1E0B4A5D006451C7 /* SuryoLingo-tvOS */;
			targetProxy = 2D02E4911E0B4A5D006451C7 /* PBXContainerItemProxy */;
		};
/* End PBXTargetDependency section */

/* Begin PBXVariantGroup section */
		D69CB98C216688AE00ABB89E /* LaunchScreen.xib */ = {
			isa = PBXVariantGroup;
			children = (
				D69CB98D216688AE00ABB89E /* Base */,
			);
			name = LaunchScreen.xib;
			sourceTree = "<group>";
		};
/* End PBXVariantGroup section */

/* Begin XCBuildConfiguration section */
		00E356F61AD99517003FC87E /* Debug */ = {
			isa = XCBuildConfiguration;
			baseConfigurationReference = C7E4AB6AA80564FAA8D75C89 /* Pods-SuryoLingoTests.debug.xcconfig */;
			buildSettings = {
				BUNDLE_LOADER = "$(TEST_HOST)";
				CODE_SIGN_IDENTITY = "iPhone Developer";
				GCC_PREPROCESSOR_DEFINITIONS = (
					"DEBUG=1",
					"$(inherited)",
				);
				HEADER_SEARCH_PATHS = (
					"$(inherited)",
					"$(SRCROOT)/../node_modules/react-native-i18n/ios",
					"$(SRCROOT)/../node_modules/react-native-sound/RNSound",
					"$(SRCROOT)/../node_modules/react-native-audioplayer",
					"$(SRCROOT)/../node_modules/react-native-global-props/ios/ReactNativeGlobalProps/**",
					"$(SRCROOT)/../node_modules/react-native-sensitive-info/ios/RNSensitiveInfo/**",
					"$(SRCROOT)/../node_modules/react-native-linear-gradient/BVLinearGradient",
					"$(SRCROOT)/../node_modules/react-native-fs/**",
					"$(SRCROOT)/../node_modules/react-native-device-info/RNDeviceInfo",
					"$(SRCROOT)/../node_modules/react-native-restart/ios/RCTRestart/**",
					"$(SRCROOT)/../node_modules/react-native-version-number/ios",
					"$(SRCROOT)/../node_modules/react-native-fetch-blob/ios/**",
					"$(SRCROOT)/../node_modules/appcenter/ios/AppCenterReactNative",
					"$(SRCROOT)/../node_modules/appcenter-analytics/ios/AppCenterReactNativeAnalytics",
					"$(SRCROOT)/../node_modules/appcenter-crashes/ios/AppCenterReactNativeCrashes",
					"$(SRCROOT)/../node_modules/appcenter-push/ios/AppCenterReactNativePush",
					"$(SRCROOT)/../node_modules/react-native-keyboard-input/lib/ios/**",
					"$(SRCROOT)/../node_modules/react-native-admob/ios",
					"$(SRCROOT)/../node_modules/react-native-firebase/ios/RNFirebase/**",
					"$(SRCROOT)/../node_modules/appcenter/ios/AppCenterReactNative",
					"$(SRCROOT)/../node_modules/appcenter-analytics/ios/AppCenterReactNativeAnalytics",
					"$(SRCROOT)/../node_modules/appcenter-crashes/ios/AppCenterReactNativeCrashes",
				);
				INFOPLIST_FILE = SuryoLingoTests/Info.plist;
				IPHONEOS_DEPLOYMENT_TARGET = 8.0;
				LD_RUNPATH_SEARCH_PATHS = "$(inherited) @executable_path/Frameworks @loader_path/Frameworks";
				LIBRARY_SEARCH_PATHS = (
					"$(inherited)",
					"\"$(SRCROOT)/$(TARGET_NAME)\"",
				);
				OTHER_LDFLAGS = (
					"-ObjC",
					"-lc++",
					"$(inherited)",
				);
				PRODUCT_BUNDLE_IDENTIFIER = "org.reactjs.native.example.$(PRODUCT_NAME:rfc1034identifier)";
				PRODUCT_NAME = "$(TARGET_NAME)";
				TEST_HOST = "$(BUILT_PRODUCTS_DIR)/SuryoLingo.app/SuryoLingo";
			};
			name = Debug;
		};
		00E356F71AD99517003FC87E /* Release */ = {
			isa = XCBuildConfiguration;
			baseConfigurationReference = BDD7F859FB93FE5993A04D1F /* Pods-SuryoLingoTests.release.xcconfig */;
			buildSettings = {
				BUNDLE_LOADER = "$(TEST_HOST)";
				CODE_SIGN_IDENTITY = "iPhone Developer";
				COPY_PHASE_STRIP = NO;
				HEADER_SEARCH_PATHS = (
					"$(inherited)",
					"$(SRCROOT)/../node_modules/react-native-i18n/ios",
					"$(SRCROOT)/../node_modules/react-native-sound/RNSound",
					"$(SRCROOT)/../node_modules/react-native-audioplayer",
					"$(SRCROOT)/../node_modules/react-native-global-props/ios/ReactNativeGlobalProps/**",
					"$(SRCROOT)/../node_modules/react-native-sensitive-info/ios/RNSensitiveInfo/**",
					"$(SRCROOT)/../node_modules/react-native-linear-gradient/BVLinearGradient",
					"$(SRCROOT)/../node_modules/react-native-fs/**",
					"$(SRCROOT)/../node_modules/react-native-device-info/RNDeviceInfo",
					"$(SRCROOT)/../node_modules/react-native-restart/ios/RCTRestart/**",
					"$(SRCROOT)/../node_modules/react-native-version-number/ios",
					"$(SRCROOT)/../node_modules/react-native-fetch-blob/ios/**",
					"$(SRCROOT)/../node_modules/appcenter/ios/AppCenterReactNative",
					"$(SRCROOT)/../node_modules/appcenter-analytics/ios/AppCenterReactNativeAnalytics",
					"$(SRCROOT)/../node_modules/appcenter-crashes/ios/AppCenterReactNativeCrashes",
					"$(SRCROOT)/../node_modules/appcenter-push/ios/AppCenterReactNativePush",
					"$(SRCROOT)/../node_modules/react-native-keyboard-input/lib/ios/**",
					"$(SRCROOT)/../node_modules/react-native-admob/ios",
					"$(SRCROOT)/../node_modules/react-native-firebase/ios/RNFirebase/**",
					"$(SRCROOT)/../node_modules/appcenter/ios/AppCenterReactNative",
					"$(SRCROOT)/../node_modules/appcenter-analytics/ios/AppCenterReactNativeAnalytics",
					"$(SRCROOT)/../node_modules/appcenter-crashes/ios/AppCenterReactNativeCrashes",
				);
				INFOPLIST_FILE = SuryoLingoTests/Info.plist;
				IPHONEOS_DEPLOYMENT_TARGET = 8.0;
				LD_RUNPATH_SEARCH_PATHS = "$(inherited) @executable_path/Frameworks @loader_path/Frameworks";
				LIBRARY_SEARCH_PATHS = (
					"$(inherited)",
					"\"$(SRCROOT)/$(TARGET_NAME)\"",
				);
				OTHER_LDFLAGS = (
					"-ObjC",
					"-lc++",
					"$(inherited)",
				);
				PRODUCT_BUNDLE_IDENTIFIER = "org.reactjs.native.example.$(PRODUCT_NAME:rfc1034identifier)";
				PRODUCT_NAME = "$(TARGET_NAME)";
				TEST_HOST = "$(BUILT_PRODUCTS_DIR)/SuryoLingo.app/SuryoLingo";
			};
			name = Release;
		};
		13B07F941A680F5B00A75B9A /* Debug */ = {
			isa = XCBuildConfiguration;
			baseConfigurationReference = 8599B81906AD23B9B8815FE7 /* Pods-SuryoLingo.debug.xcconfig */;
			buildSettings = {
				ASSETCATALOG_COMPILER_APPICON_NAME = AppIcon;
				ASSETCATALOG_COMPILER_LAUNCHIMAGE_NAME = LaunchImage;
				CODE_SIGN_ENTITLEMENTS = SuryoLingo/SuryoLingo.entitlements;
				"CODE_SIGN_IDENTITY[sdk=iphoneos*]" = "iPhone Developer";
				CURRENT_PROJECT_VERSION = 36;
				DEAD_CODE_STRIPPING = NO;
				DEVELOPMENT_TEAM = LB4JJ7565B;
				FRAMEWORK_SEARCH_PATHS = (
					"$(inherited)",
					"$(PROJECT_DIR)",
					"$(PROJECT_DIR)/Pods/Google-Mobile-Ads-SDK/Frameworks/frameworks",
				);
				HEADER_SEARCH_PATHS = (
					"$(inherited)",
					"$(SRCROOT)/../node_modules/react-native-i18n/ios",
					"$(SRCROOT)/../node_modules/react-native-sound/RNSound",
					"$(SRCROOT)/../node_modules/react-native-audioplayer",
					"$(SRCROOT)/../node_modules/react-native-global-props/ios/ReactNativeGlobalProps/**",
					"$(SRCROOT)/../node_modules/react-native-sensitive-info/ios/RNSensitiveInfo/**",
					"$(SRCROOT)/../node_modules/react-native-linear-gradient/BVLinearGradient",
					"$(SRCROOT)/../node_modules/react-native-fs/**",
					"$(SRCROOT)/../node_modules/react-native-device-info/RNDeviceInfo",
					"$(SRCROOT)/../node_modules/react-native-restart/ios/RCTRestart/**",
					"$(SRCROOT)/../node_modules/react-native-version-number/ios",
					"$(SRCROOT)/../node_modules/react-native-fetch-blob/ios/**",
					"$(SRCROOT)/../node_modules/appcenter/ios/AppCenterReactNative",
					"$(SRCROOT)/../node_modules/appcenter-analytics/ios/AppCenterReactNativeAnalytics",
					"$(SRCROOT)/../node_modules/appcenter-crashes/ios/AppCenterReactNativeCrashes",
					"$(SRCROOT)/../node_modules/appcenter-push/ios/AppCenterReactNativePush",
					"$(SRCROOT)/../node_modules/react-native-keyboard-input/lib/ios/**",
					"$(SRCROOT)/../node_modules/react-native-admob/ios",
					"$(SRCROOT)/../node_modules/react-native-firebase/ios/RNFirebase/**",
					"$(SRCROOT)/../node_modules/appcenter/ios/AppCenterReactNative",
					"$(SRCROOT)/../node_modules/appcenter-analytics/ios/AppCenterReactNativeAnalytics",
					"$(SRCROOT)/../node_modules/appcenter-crashes/ios/AppCenterReactNativeCrashes",
				);
				INFOPLIST_FILE = SuryoLingo/Info.plist;
				IPHONEOS_DEPLOYMENT_TARGET = 9.0;
				LD_RUNPATH_SEARCH_PATHS = "$(inherited) @executable_path/Frameworks";
				OTHER_LDFLAGS = (
					"$(inherited)",
					"-ObjC",
					"-lc++",
				);
				PRODUCT_BUNDLE_IDENTIFIER = com.suryolingo.iphone;
				PRODUCT_NAME = SuryoLingo;
				TARGETED_DEVICE_FAMILY = 1;
				VERSIONING_SYSTEM = "apple-generic";
			};
			name = Debug;
		};
		13B07F951A680F5B00A75B9A /* Release */ = {
			isa = XCBuildConfiguration;
			baseConfigurationReference = D818D289FAE040FF129DE70E /* Pods-SuryoLingo.release.xcconfig */;
			buildSettings = {
				ASSETCATALOG_COMPILER_APPICON_NAME = AppIcon;
				ASSETCATALOG_COMPILER_LAUNCHIMAGE_NAME = LaunchImage;
				CODE_SIGN_ENTITLEMENTS = SuryoLingo/SuryoLingo.entitlements;
				"CODE_SIGN_IDENTITY[sdk=iphoneos*]" = "iPhone Developer";
				CURRENT_PROJECT_VERSION = 36;
				DEVELOPMENT_TEAM = LB4JJ7565B;
				FRAMEWORK_SEARCH_PATHS = (
					"$(inherited)",
					"$(PROJECT_DIR)",
					"$(PROJECT_DIR)/Pods/Google-Mobile-Ads-SDK/Frameworks/frameworks",
				);
				HEADER_SEARCH_PATHS = (
					"$(inherited)",
					"$(SRCROOT)/../node_modules/react-native-i18n/ios",
					"$(SRCROOT)/../node_modules/react-native-sound/RNSound",
					"$(SRCROOT)/../node_modules/react-native-audioplayer",
					"$(SRCROOT)/../node_modules/react-native-global-props/ios/ReactNativeGlobalProps/**",
					"$(SRCROOT)/../node_modules/react-native-sensitive-info/ios/RNSensitiveInfo/**",
					"$(SRCROOT)/../node_modules/react-native-linear-gradient/BVLinearGradient",
					"$(SRCROOT)/../node_modules/react-native-fs/**",
					"$(SRCROOT)/../node_modules/react-native-device-info/RNDeviceInfo",
					"$(SRCROOT)/../node_modules/react-native-restart/ios/RCTRestart/**",
					"$(SRCROOT)/../node_modules/react-native-version-number/ios",
					"$(SRCROOT)/../node_modules/react-native-fetch-blob/ios/**",
					"$(SRCROOT)/../node_modules/appcenter/ios/AppCenterReactNative",
					"$(SRCROOT)/../node_modules/appcenter-analytics/ios/AppCenterReactNativeAnalytics",
					"$(SRCROOT)/../node_modules/appcenter-crashes/ios/AppCenterReactNativeCrashes",
					"$(SRCROOT)/../node_modules/appcenter-push/ios/AppCenterReactNativePush",
					"$(SRCROOT)/../node_modules/react-native-keyboard-input/lib/ios/**",
					"$(SRCROOT)/../node_modules/react-native-admob/ios",
					"$(SRCROOT)/../node_modules/react-native-firebase/ios/RNFirebase/**",
					"$(SRCROOT)/../node_modules/appcenter/ios/AppCenterReactNative",
					"$(SRCROOT)/../node_modules/appcenter-analytics/ios/AppCenterReactNativeAnalytics",
					"$(SRCROOT)/../node_modules/appcenter-crashes/ios/AppCenterReactNativeCrashes",
				);
				INFOPLIST_FILE = SuryoLingo/Info.plist;
				IPHONEOS_DEPLOYMENT_TARGET = 9.0;
				LD_RUNPATH_SEARCH_PATHS = "$(inherited) @executable_path/Frameworks";
				OTHER_LDFLAGS = (
					"$(inherited)",
					"-ObjC",
					"-lc++",
				);
				PRODUCT_BUNDLE_IDENTIFIER = com.suryolingo.iphone;
				PRODUCT_NAME = SuryoLingo;
				TARGETED_DEVICE_FAMILY = 1;
				VERSIONING_SYSTEM = "apple-generic";
			};
			name = Release;
		};
		2D02E4971E0B4A5E006451C7 /* Debug */ = {
			isa = XCBuildConfiguration;
			baseConfigurationReference = 9E6969616684D0A1B6ABFF07 /* Pods-SuryoLingo-tvOS.debug.xcconfig */;
			buildSettings = {
				ASSETCATALOG_COMPILER_APPICON_NAME = "App Icon & Top Shelf Image";
				ASSETCATALOG_COMPILER_LAUNCHIMAGE_NAME = LaunchImage;
				CLANG_ANALYZER_NONNULL = YES;
				CLANG_WARN_DOCUMENTATION_COMMENTS = YES;
				CLANG_WARN_INFINITE_RECURSION = YES;
				CLANG_WARN_SUSPICIOUS_MOVE = YES;
				CODE_SIGN_ENTITLEMENTS = "SuryoLingo-tvOS/SuryoLingo-tvOS.entitlements";
				DEBUG_INFORMATION_FORMAT = dwarf;
				DEVELOPMENT_TEAM = 8822656F5W;
				ENABLE_TESTABILITY = YES;
				GCC_NO_COMMON_BLOCKS = YES;
				HEADER_SEARCH_PATHS = (
					"$(inherited)",
					"$(SRCROOT)/../node_modules/react-native-i18n/ios",
					"$(SRCROOT)/../node_modules/react-native-sound/RNSound",
					"$(SRCROOT)/../node_modules/react-native-audioplayer",
					"$(SRCROOT)/../node_modules/react-native-global-props/ios/ReactNativeGlobalProps/**",
					"$(SRCROOT)/../node_modules/react-native-sensitive-info/ios/RNSensitiveInfo/**",
					"$(SRCROOT)/../node_modules/react-native-linear-gradient/BVLinearGradient",
					"$(SRCROOT)/../node_modules/react-native-fs/**",
					"$(SRCROOT)/../node_modules/react-native-device-info/RNDeviceInfo",
					"$(SRCROOT)/../node_modules/react-native-restart/ios/RCTRestart/**",
					"$(SRCROOT)/../node_modules/react-native-version-number/ios",
					"$(SRCROOT)/../node_modules/react-native-fetch-blob/ios/**",
					"$(SRCROOT)/../node_modules/appcenter/ios/AppCenterReactNative",
					"$(SRCROOT)/../node_modules/appcenter-analytics/ios/AppCenterReactNativeAnalytics",
					"$(SRCROOT)/../node_modules/appcenter-crashes/ios/AppCenterReactNativeCrashes",
					"$(SRCROOT)/../node_modules/appcenter-push/ios/AppCenterReactNativePush",
					"$(SRCROOT)/../node_modules/react-native-keyboard-input/lib/ios/**",
					"$(SRCROOT)/../node_modules/react-native-admob/ios",
					"$(SRCROOT)/../node_modules/react-native-firebase/ios/RNFirebase/**",
					"$(SRCROOT)/../node_modules/appcenter/ios/AppCenterReactNative",
					"$(SRCROOT)/../node_modules/appcenter-analytics/ios/AppCenterReactNativeAnalytics",
					"$(SRCROOT)/../node_modules/appcenter-crashes/ios/AppCenterReactNativeCrashes",
				);
				INFOPLIST_FILE = "SuryoLingo-tvOS/Info.plist";
				LD_RUNPATH_SEARCH_PATHS = "$(inherited) @executable_path/Frameworks";
				LIBRARY_SEARCH_PATHS = (
					"$(inherited)",
					"\"$(SRCROOT)/$(TARGET_NAME)\"",
				);
				OTHER_LDFLAGS = (
					"-ObjC",
					"-lc++",
					"$(inherited)",
				);
				PRODUCT_BUNDLE_IDENTIFIER = "com.facebook.REACT.SuryoLingo-tvOS";
				PRODUCT_NAME = "$(TARGET_NAME)";
				SDKROOT = appletvos;
				TARGETED_DEVICE_FAMILY = 3;
				TVOS_DEPLOYMENT_TARGET = 9.2;
			};
			name = Debug;
		};
		2D02E4981E0B4A5E006451C7 /* Release */ = {
			isa = XCBuildConfiguration;
			baseConfigurationReference = DD4B41EE498ECC93DC703215 /* Pods-SuryoLingo-tvOS.release.xcconfig */;
			buildSettings = {
				ASSETCATALOG_COMPILER_APPICON_NAME = "App Icon & Top Shelf Image";
				ASSETCATALOG_COMPILER_LAUNCHIMAGE_NAME = LaunchImage;
				CLANG_ANALYZER_NONNULL = YES;
				CLANG_WARN_DOCUMENTATION_COMMENTS = YES;
				CLANG_WARN_INFINITE_RECURSION = YES;
				CLANG_WARN_SUSPICIOUS_MOVE = YES;
				CODE_SIGN_ENTITLEMENTS = "SuryoLingo-tvOS/SuryoLingo-tvOS.entitlements";
				COPY_PHASE_STRIP = NO;
				DEBUG_INFORMATION_FORMAT = "dwarf-with-dsym";
				DEVELOPMENT_TEAM = 8822656F5W;
				GCC_NO_COMMON_BLOCKS = YES;
				HEADER_SEARCH_PATHS = (
					"$(inherited)",
					"$(SRCROOT)/../node_modules/react-native-i18n/ios",
					"$(SRCROOT)/../node_modules/react-native-sound/RNSound",
					"$(SRCROOT)/../node_modules/react-native-audioplayer",
					"$(SRCROOT)/../node_modules/react-native-global-props/ios/ReactNativeGlobalProps/**",
					"$(SRCROOT)/../node_modules/react-native-sensitive-info/ios/RNSensitiveInfo/**",
					"$(SRCROOT)/../node_modules/react-native-linear-gradient/BVLinearGradient",
					"$(SRCROOT)/../node_modules/react-native-fs/**",
					"$(SRCROOT)/../node_modules/react-native-device-info/RNDeviceInfo",
					"$(SRCROOT)/../node_modules/react-native-restart/ios/RCTRestart/**",
					"$(SRCROOT)/../node_modules/react-native-version-number/ios",
					"$(SRCROOT)/../node_modules/react-native-fetch-blob/ios/**",
					"$(SRCROOT)/../node_modules/appcenter/ios/AppCenterReactNative",
					"$(SRCROOT)/../node_modules/appcenter-analytics/ios/AppCenterReactNativeAnalytics",
					"$(SRCROOT)/../node_modules/appcenter-crashes/ios/AppCenterReactNativeCrashes",
					"$(SRCROOT)/../node_modules/appcenter-push/ios/AppCenterReactNativePush",
					"$(SRCROOT)/../node_modules/react-native-keyboard-input/lib/ios/**",
					"$(SRCROOT)/../node_modules/react-native-admob/ios",
					"$(SRCROOT)/../node_modules/react-native-firebase/ios/RNFirebase/**",
					"$(SRCROOT)/../node_modules/appcenter/ios/AppCenterReactNative",
					"$(SRCROOT)/../node_modules/appcenter-analytics/ios/AppCenterReactNativeAnalytics",
					"$(SRCROOT)/../node_modules/appcenter-crashes/ios/AppCenterReactNativeCrashes",
				);
				INFOPLIST_FILE = "SuryoLingo-tvOS/Info.plist";
				LD_RUNPATH_SEARCH_PATHS = "$(inherited) @executable_path/Frameworks";
				LIBRARY_SEARCH_PATHS = (
					"$(inherited)",
					"\"$(SRCROOT)/$(TARGET_NAME)\"",
				);
				OTHER_LDFLAGS = (
					"-ObjC",
					"-lc++",
					"$(inherited)",
				);
				PRODUCT_BUNDLE_IDENTIFIER = "com.facebook.REACT.SuryoLingo-tvOS";
				PRODUCT_NAME = "$(TARGET_NAME)";
				SDKROOT = appletvos;
				TARGETED_DEVICE_FAMILY = 3;
				TVOS_DEPLOYMENT_TARGET = 9.2;
			};
			name = Release;
		};
		2D02E4991E0B4A5E006451C7 /* Debug */ = {
			isa = XCBuildConfiguration;
			baseConfigurationReference = FC8231E6F07E43AB45B7987E /* Pods-SuryoLingo-tvOSTests.debug.xcconfig */;
			buildSettings = {
				BUNDLE_LOADER = "$(TEST_HOST)";
				CLANG_ANALYZER_NONNULL = YES;
				CLANG_WARN_DOCUMENTATION_COMMENTS = YES;
				CLANG_WARN_INFINITE_RECURSION = YES;
				CLANG_WARN_SUSPICIOUS_MOVE = YES;
				DEBUG_INFORMATION_FORMAT = dwarf;
				ENABLE_TESTABILITY = YES;
				GCC_NO_COMMON_BLOCKS = YES;
				INFOPLIST_FILE = "SuryoLingo-tvOSTests/Info.plist";
				LD_RUNPATH_SEARCH_PATHS = "$(inherited) @executable_path/Frameworks @loader_path/Frameworks";
				LIBRARY_SEARCH_PATHS = (
					"$(inherited)",
					"\"$(SRCROOT)/$(TARGET_NAME)\"",
				);
				PRODUCT_BUNDLE_IDENTIFIER = "com.facebook.REACT.SuryoLingo-tvOSTests";
				PRODUCT_NAME = "$(TARGET_NAME)";
				SDKROOT = appletvos;
				TEST_HOST = "$(BUILT_PRODUCTS_DIR)/SuryoLingo-tvOS.app/SuryoLingo-tvOS";
				TVOS_DEPLOYMENT_TARGET = 10.1;
			};
			name = Debug;
		};
		2D02E49A1E0B4A5E006451C7 /* Release */ = {
			isa = XCBuildConfiguration;
			baseConfigurationReference = 605901FD8D2B6DFCB642FD48 /* Pods-SuryoLingo-tvOSTests.release.xcconfig */;
			buildSettings = {
				BUNDLE_LOADER = "$(TEST_HOST)";
				CLANG_ANALYZER_NONNULL = YES;
				CLANG_WARN_DOCUMENTATION_COMMENTS = YES;
				CLANG_WARN_INFINITE_RECURSION = YES;
				CLANG_WARN_SUSPICIOUS_MOVE = YES;
				COPY_PHASE_STRIP = NO;
				DEBUG_INFORMATION_FORMAT = "dwarf-with-dsym";
				GCC_NO_COMMON_BLOCKS = YES;
				INFOPLIST_FILE = "SuryoLingo-tvOSTests/Info.plist";
				LD_RUNPATH_SEARCH_PATHS = "$(inherited) @executable_path/Frameworks @loader_path/Frameworks";
				LIBRARY_SEARCH_PATHS = (
					"$(inherited)",
					"\"$(SRCROOT)/$(TARGET_NAME)\"",
				);
				PRODUCT_BUNDLE_IDENTIFIER = "com.facebook.REACT.SuryoLingo-tvOSTests";
				PRODUCT_NAME = "$(TARGET_NAME)";
				SDKROOT = appletvos;
				TEST_HOST = "$(BUILT_PRODUCTS_DIR)/SuryoLingo-tvOS.app/SuryoLingo-tvOS";
				TVOS_DEPLOYMENT_TARGET = 10.1;
			};
			name = Release;
		};
		83CBBA201A601CBA00E9B192 /* Debug */ = {
			isa = XCBuildConfiguration;
			buildSettings = {
				ALWAYS_SEARCH_USER_PATHS = NO;
				CLANG_CXX_LANGUAGE_STANDARD = "gnu++0x";
				CLANG_CXX_LIBRARY = "libc++";
				CLANG_ENABLE_MODULES = YES;
				CLANG_ENABLE_OBJC_ARC = YES;
				CLANG_WARN_BLOCK_CAPTURE_AUTORELEASING = YES;
				CLANG_WARN_BOOL_CONVERSION = YES;
				CLANG_WARN_COMMA = YES;
				CLANG_WARN_CONSTANT_CONVERSION = YES;
				CLANG_WARN_DIRECT_OBJC_ISA_USAGE = YES_ERROR;
				CLANG_WARN_EMPTY_BODY = YES;
				CLANG_WARN_ENUM_CONVERSION = YES;
				CLANG_WARN_INFINITE_RECURSION = YES;
				CLANG_WARN_INT_CONVERSION = YES;
				CLANG_WARN_NON_LITERAL_NULL_CONVERSION = YES;
				CLANG_WARN_OBJC_LITERAL_CONVERSION = YES;
				CLANG_WARN_OBJC_ROOT_CLASS = YES_ERROR;
				CLANG_WARN_RANGE_LOOP_ANALYSIS = YES;
				CLANG_WARN_STRICT_PROTOTYPES = YES;
				CLANG_WARN_SUSPICIOUS_MOVE = YES;
				CLANG_WARN_UNREACHABLE_CODE = YES;
				CLANG_WARN__DUPLICATE_METHOD_MATCH = YES;
				"CODE_SIGN_IDENTITY[sdk=iphoneos*]" = "iPhone Developer";
				COPY_PHASE_STRIP = NO;
				ENABLE_STRICT_OBJC_MSGSEND = YES;
				ENABLE_TESTABILITY = YES;
				GCC_C_LANGUAGE_STANDARD = gnu99;
				GCC_DYNAMIC_NO_PIC = NO;
				GCC_NO_COMMON_BLOCKS = YES;
				GCC_OPTIMIZATION_LEVEL = 0;
				GCC_PREPROCESSOR_DEFINITIONS = (
					"DEBUG=1",
					"$(inherited)",
				);
				GCC_SYMBOLS_PRIVATE_EXTERN = NO;
				GCC_WARN_64_TO_32_BIT_CONVERSION = YES;
				GCC_WARN_ABOUT_RETURN_TYPE = YES_ERROR;
				GCC_WARN_UNDECLARED_SELECTOR = YES;
				GCC_WARN_UNINITIALIZED_AUTOS = YES_AGGRESSIVE;
				GCC_WARN_UNUSED_FUNCTION = YES;
				GCC_WARN_UNUSED_VARIABLE = YES;
				IPHONEOS_DEPLOYMENT_TARGET = 9.0;
				MTL_ENABLE_DEBUG_INFO = YES;
				ONLY_ACTIVE_ARCH = YES;
				SDKROOT = iphoneos;
			};
			name = Debug;
		};
		83CBBA211A601CBA00E9B192 /* Release */ = {
			isa = XCBuildConfiguration;
			buildSettings = {
				ALWAYS_SEARCH_USER_PATHS = NO;
				CLANG_CXX_LANGUAGE_STANDARD = "gnu++0x";
				CLANG_CXX_LIBRARY = "libc++";
				CLANG_ENABLE_MODULES = YES;
				CLANG_ENABLE_OBJC_ARC = YES;
				CLANG_WARN_BLOCK_CAPTURE_AUTORELEASING = YES;
				CLANG_WARN_BOOL_CONVERSION = YES;
				CLANG_WARN_COMMA = YES;
				CLANG_WARN_CONSTANT_CONVERSION = YES;
				CLANG_WARN_DIRECT_OBJC_ISA_USAGE = YES_ERROR;
				CLANG_WARN_EMPTY_BODY = YES;
				CLANG_WARN_ENUM_CONVERSION = YES;
				CLANG_WARN_INFINITE_RECURSION = YES;
				CLANG_WARN_INT_CONVERSION = YES;
				CLANG_WARN_NON_LITERAL_NULL_CONVERSION = YES;
				CLANG_WARN_OBJC_LITERAL_CONVERSION = YES;
				CLANG_WARN_OBJC_ROOT_CLASS = YES_ERROR;
				CLANG_WARN_RANGE_LOOP_ANALYSIS = YES;
				CLANG_WARN_STRICT_PROTOTYPES = YES;
				CLANG_WARN_SUSPICIOUS_MOVE = YES;
				CLANG_WARN_UNREACHABLE_CODE = YES;
				CLANG_WARN__DUPLICATE_METHOD_MATCH = YES;
				"CODE_SIGN_IDENTITY[sdk=iphoneos*]" = "iPhone Developer";
				COPY_PHASE_STRIP = YES;
				ENABLE_NS_ASSERTIONS = NO;
				ENABLE_STRICT_OBJC_MSGSEND = YES;
				GCC_C_LANGUAGE_STANDARD = gnu99;
				GCC_NO_COMMON_BLOCKS = YES;
				GCC_WARN_64_TO_32_BIT_CONVERSION = YES;
				GCC_WARN_ABOUT_RETURN_TYPE = YES_ERROR;
				GCC_WARN_UNDECLARED_SELECTOR = YES;
				GCC_WARN_UNINITIALIZED_AUTOS = YES_AGGRESSIVE;
				GCC_WARN_UNUSED_FUNCTION = YES;
				GCC_WARN_UNUSED_VARIABLE = YES;
				IPHONEOS_DEPLOYMENT_TARGET = 9.0;
				MTL_ENABLE_DEBUG_INFO = NO;
				SDKROOT = iphoneos;
				VALIDATE_PRODUCT = YES;
			};
			name = Release;
		};
/* End XCBuildConfiguration section */

/* Begin XCConfigurationList section */
		00E357021AD99517003FC87E /* Build configuration list for PBXNativeTarget "SuryoLingoTests" */ = {
			isa = XCConfigurationList;
			buildConfigurations = (
				00E356F61AD99517003FC87E /* Debug */,
				00E356F71AD99517003FC87E /* Release */,
			);
			defaultConfigurationIsVisible = 0;
			defaultConfigurationName = Release;
		};
		13B07F931A680F5B00A75B9A /* Build configuration list for PBXNativeTarget "SuryoLingo" */ = {
			isa = XCConfigurationList;
			buildConfigurations = (
				13B07F941A680F5B00A75B9A /* Debug */,
				13B07F951A680F5B00A75B9A /* Release */,
			);
			defaultConfigurationIsVisible = 0;
			defaultConfigurationName = Release;
		};
		2D02E4BA1E0B4A5E006451C7 /* Build configuration list for PBXNativeTarget "SuryoLingo-tvOS" */ = {
			isa = XCConfigurationList;
			buildConfigurations = (
				2D02E4971E0B4A5E006451C7 /* Debug */,
				2D02E4981E0B4A5E006451C7 /* Release */,
			);
			defaultConfigurationIsVisible = 0;
			defaultConfigurationName = Release;
		};
		2D02E4BB1E0B4A5E006451C7 /* Build configuration list for PBXNativeTarget "SuryoLingo-tvOSTests" */ = {
			isa = XCConfigurationList;
			buildConfigurations = (
				2D02E4991E0B4A5E006451C7 /* Debug */,
				2D02E49A1E0B4A5E006451C7 /* Release */,
			);
			defaultConfigurationIsVisible = 0;
			defaultConfigurationName = Release;
		};
		83CBB9FA1A601CBA00E9B192 /* Build configuration list for PBXProject "SuryoLingo" */ = {
			isa = XCConfigurationList;
			buildConfigurations = (
				83CBBA201A601CBA00E9B192 /* Debug */,
				83CBBA211A601CBA00E9B192 /* Release */,
			);
			defaultConfigurationIsVisible = 0;
			defaultConfigurationName = Release;
		};
/* End XCConfigurationList section */
	};
	rootObject = 83CBB9F71A601CBA00E9B192 /* Project object */;
}
